PODS:
  - EAIntroView (2.9.0):
    - EARestrictedScrollView (~> 1.1.0)
  - EARestrictedScrollView (1.1.0)

DEPENDENCIES:
  - EAIntroView (~> 2.9.0)

SPEC CHECKSUMS:
  EAIntroView: 76f68cc56242f2e25359419e6ecc2344ee7e1756
  EARestrictedScrollView: b0c2a3f92fb2610bb44d71c5e4893777c89e45ef

COCOAPODS: 0.39.0
