// !$*UTF8*$!
{
	archiveVersion = 1;
	classes = {
	};
	objectVersion = 46;
	objects = {

/* Begin PBXBuildFile section */
		630AAF3C1DC2CE0B0031BACD /* BalloonMarker.swift in Sources */ = {isa = PBXBuildFile; fileRef = 630AAF3B1DC2CE0B0031BACD /* BalloonMarker.swift */; };
		632007351DC314E2004CB6D5 /* circleLily.png in Resources */ = {isa = PBXBuildFile; fileRef = 632007341DC314E2004CB6D5 /* circleLily.png */; };
		632085F71DC0204500F64794 /* DPRFriendsNetIncomeVC.m in Sources */ = {isa = PBXBuildFile; fileRef = 632085F61DC0204500F64794 /* DPRFriendsNetIncomeVC.m */; };
		6324666D1D1CA5FD00512931 /* DPRUIHelper.m in Sources */ = {isa = PBXBuildFile; fileRef = 6324666C1D1CA5FD00512931 /* DPRUIHelper.m */; settings = {COMPILER_FLAGS = "-w"; }; };
		634C3BD11DD94CA4001C6D5C /* DPRChartHelper.m in Sources */ = {isa = PBXBuildFile; fileRef = 634C3BD01DD94CA4001C6D5C /* DPRChartHelper.m */; };
		634C3BD91DD95D9E001C6D5C /* UIFont+CustomFonts.m in Sources */ = {isa = PBXBuildFile; fileRef = 634C3BD81DD95D9E001C6D5C /* UIFont+CustomFonts.m */; };
		635F85CE1DBAE3E1006C3CC6 /* DPRDashboardTableViewCell.m in Sources */ = {isa = PBXBuildFile; fileRef = 635F85CD1DBAE3E1006C3CC6 /* DPRDashboardTableViewCell.m */; };
		6363261A1D289679001CA480 /* DPRTransactionSingleton.m in Sources */ = {isa = PBXBuildFile; fileRef = 636326191D289679001CA480 /* DPRTransactionSingleton.m */; };
		636326311D2A1BC8001CA480 /* DPRTarget+CoreDataProperties.m in Sources */ = {isa = PBXBuildFile; fileRef = 6363262C1D2A1BC8001CA480 /* DPRTarget+CoreDataProperties.m */; };
		636326321D2A1BC8001CA480 /* DPRTarget.m in Sources */ = {isa = PBXBuildFile; fileRef = 6363262E1D2A1BC8001CA480 /* DPRTarget.m */; };
		636326371D2A1EB6001CA480 /* DPRTransaction+CoreDataProperties.m in Sources */ = {isa = PBXBuildFile; fileRef = 636326341D2A1EB6001CA480 /* DPRTransaction+CoreDataProperties.m */; };
		636326381D2A1EB6001CA480 /* DPRTransaction.m in Sources */ = {isa = PBXBuildFile; fileRef = 636326361D2A1EB6001CA480 /* DPRTransaction.m */; };
		63782FAE1D220919003410D3 /* DPRCoreDataHelper.m in Sources */ = {isa = PBXBuildFile; fileRef = 63782FAD1D220919003410D3 /* DPRCoreDataHelper.m */; };
		63782FB91D231BD9003410D3 /* DPRUser+CoreDataProperties.m in Sources */ = {isa = PBXBuildFile; fileRef = 63782FB41D231BD9003410D3 /* DPRUser+CoreDataProperties.m */; };
		63782FBA1D231BD9003410D3 /* DPRUser.m in Sources */ = {isa = PBXBuildFile; fileRef = 63782FB61D231BD9003410D3 /* DPRUser.m */; };
		63782FC01D24AABC003410D3 /* DPRTransactionTableViewCell.m in Sources */ = {isa = PBXBuildFile; fileRef = 63782FBF1D24AABC003410D3 /* DPRTransactionTableViewCell.m */; };
		6379F5541D1B9B9A0094ED24 /* main.m in Sources */ = {isa = PBXBuildFile; fileRef = 6379F5531D1B9B9A0094ED24 /* main.m */; };
		6379F5571D1B9B9A0094ED24 /* DPRAppDelegate.m in Sources */ = {isa = PBXBuildFile; fileRef = 6379F5561D1B9B9A0094ED24 /* DPRAppDelegate.m */; };
		6379F55D1D1B9B9A0094ED24 /* Main.storyboard in Resources */ = {isa = PBXBuildFile; fileRef = 6379F55B1D1B9B9A0094ED24 /* Main.storyboard */; };
		6379F5601D1B9B9A0094ED24 /* Lily.xcdatamodeld in Sources */ = {isa = PBXBuildFile; fileRef = 6379F55E1D1B9B9A0094ED24 /* Lily.xcdatamodeld */; };
		6379F5621D1B9B9A0094ED24 /* Assets.xcassets in Resources */ = {isa = PBXBuildFile; fileRef = 6379F5611D1B9B9A0094ED24 /* Assets.xcassets */; };
		6379F5651D1B9B9A0094ED24 /* LaunchScreen.storyboard in Resources */ = {isa = PBXBuildFile; fileRef = 6379F5631D1B9B9A0094ED24 /* LaunchScreen.storyboard */; };
		6379F5701D1B9B9A0094ED24 /* LilyTests.m in Sources */ = {isa = PBXBuildFile; fileRef = 6379F56F1D1B9B9A0094ED24 /* LilyTests.m */; };
		6379F57B1D1B9B9A0094ED24 /* LilyUITests.m in Sources */ = {isa = PBXBuildFile; fileRef = 6379F57A1D1B9B9A0094ED24 /* LilyUITests.m */; };
		6379F58E1D1B9CA40094ED24 /* DPRVenmoHelper.m in Sources */ = {isa = PBXBuildFile; fileRef = 6379F58D1D1B9CA40094ED24 /* DPRVenmoHelper.m */; };
		6379F5911D1B9DA80094ED24 /* UIColor+CustomColors.m in Sources */ = {isa = PBXBuildFile; fileRef = 6379F5901D1B9DA80094ED24 /* UIColor+CustomColors.m */; };
		6379F5971D1B9E610094ED24 /* DPRWalkthroughVC.m in Sources */ = {isa = PBXBuildFile; fileRef = 6379F5961D1B9E610094ED24 /* DPRWalkthroughVC.m */; };
		6379F5A11D1BA48A0094ED24 /* DPRDashboardVC.m in Sources */ = {isa = PBXBuildFile; fileRef = 6379F5A01D1BA48A0094ED24 /* DPRDashboardVC.m */; };
		6379F5A71D1BA4D10094ED24 /* DPRTransactionsVC.m in Sources */ = {isa = PBXBuildFile; fileRef = 6379F5A61D1BA4D10094ED24 /* DPRTransactionsVC.m */; };
		6379F5B91D1BA8DC0094ED24 /* bg1@2x.png in Resources */ = {isa = PBXBuildFile; fileRef = 6379F5A91D1BA8DC0094ED24 /* bg1@2x.png */; };
		6379F5BA1D1BA8DC0094ED24 /* bg2@2x.png in Resources */ = {isa = PBXBuildFile; fileRef = 6379F5AA1D1BA8DC0094ED24 /* bg2@2x.png */; };
		6379F5BB1D1BA8DC0094ED24 /* bg3@2x.png in Resources */ = {isa = PBXBuildFile; fileRef = 6379F5AB1D1BA8DC0094ED24 /* bg3@2x.png */; };
		6379F5BC1D1BA8DC0094ED24 /* bg4@2x.png in Resources */ = {isa = PBXBuildFile; fileRef = 6379F5AC1D1BA8DC0094ED24 /* bg4@2x.png */; };
		6379F5BE1D1BA8DC0094ED24 /* icon1@2x.png in Resources */ = {isa = PBXBuildFile; fileRef = 6379F5AE1D1BA8DC0094ED24 /* icon1@2x.png */; };
		6379F5C21D1BA8DC0094ED24 /* pageDot.png in Resources */ = {isa = PBXBuildFile; fileRef = 6379F5B21D1BA8DC0094ED24 /* pageDot.png */; };
		6379F5C31D1BA8DC0094ED24 /* pageDot@2x.png in Resources */ = {isa = PBXBuildFile; fileRef = 6379F5B31D1BA8DC0094ED24 /* pageDot@2x.png */; };
		63811E631DC42673008C5874 /* DPRSettingsTVC.m in Sources */ = {isa = PBXBuildFile; fileRef = 63811E621DC42673008C5874 /* DPRSettingsTVC.m */; };
		63811E661DC42717008C5874 /* DPRSettingsTableViewCell.m in Sources */ = {isa = PBXBuildFile; fileRef = 63811E651DC42717008C5874 /* DPRSettingsTableViewCell.m */; };
		63811E691DC69157008C5874 /* DPRInformationVC.m in Sources */ = {isa = PBXBuildFile; fileRef = 63811E681DC69157008C5874 /* DPRInformationVC.m */; };
		63811E6C1DC695E9008C5874 /* DPRContentHelper.m in Sources */ = {isa = PBXBuildFile; fileRef = 63811E6B1DC695E9008C5874 /* DPRContentHelper.m */; };
		63811E6E1DC6AACF008C5874 /* ApacheLicense.txt in Resources */ = {isa = PBXBuildFile; fileRef = 63811E6D1DC6AACF008C5874 /* ApacheLicense.txt */; };
		63811E701DC6AB74008C5874 /* MITLicense.txt in Resources */ = {isa = PBXBuildFile; fileRef = 63811E6F1DC6AB74008C5874 /* MITLicense.txt */; };
		63C2DE4D1DC17A2D009F64F8 /* DPRMonthsExpendituresVC.m in Sources */ = {isa = PBXBuildFile; fileRef = 63C2DE4C1DC17A2D009F64F8 /* DPRMonthsExpendituresVC.m */; };
		63C2DE561DC27B80009F64F8 /* DPRMonthsNetIncomeVC.m in Sources */ = {isa = PBXBuildFile; fileRef = 63C2DE551DC27B80009F64F8 /* DPRMonthsNetIncomeVC.m */; };
		63C2DE591DC2B2CA009F64F8 /* DPRMonthsDetailsTVC.m in Sources */ = {isa = PBXBuildFile; fileRef = 63C2DE581DC2B2CA009F64F8 /* DPRMonthsDetailsTVC.m */; };
		63C2DE5C1DC2B334009F64F8 /* DPRMonthsDetailsTableViewCell.m in Sources */ = {isa = PBXBuildFile; fileRef = 63C2DE5B1DC2B334009F64F8 /* DPRMonthsDetailsTableViewCell.m */; };
		63C551141DC2E54A006B984F /* XYMarkerView.swift in Sources */ = {isa = PBXBuildFile; fileRef = 63C551131DC2E54A006B984F /* XYMarkerView.swift */; };
		63C551221DC30E9E006B984F /* athletics.png in Resources */ = {isa = PBXBuildFile; fileRef = 63C5511E1DC30E9E006B984F /* athletics.png */; };
		63C551231DC30E9E006B984F /* free.png in Resources */ = {isa = PBXBuildFile; fileRef = 63C5511F1DC30E9E006B984F /* free.png */; };
		63C551241DC30E9E006B984F /* graph.png in Resources */ = {isa = PBXBuildFile; fileRef = 63C551201DC30E9E006B984F /* graph.png */; };
		63C551251DC30E9E006B984F /* presentation.png in Resources */ = {isa = PBXBuildFile; fileRef = 63C551211DC30E9E006B984F /* presentation.png */; };
		63C765E11DBEAC6A005D55F6 /* DPRFriendsListTVC.m in Sources */ = {isa = PBXBuildFile; fileRef = 63C765E01DBEAC6A005D55F6 /* DPRFriendsListTVC.m */; };
		63C765E41DBEAD09005D55F6 /* DPRFriendsListTableViewCell.m in Sources */ = {isa = PBXBuildFile; fileRef = 63C765E31DBEAD09005D55F6 /* DPRFriendsListTableViewCell.m */; };
		63C765E71DBEEC6A005D55F6 /* DPRFriendsExpendituresVC.m in Sources */ = {isa = PBXBuildFile; fileRef = 63C765E61DBEEC6A005D55F6 /* DPRFriendsExpendituresVC.m */; };
		70D59C0F6BC0CCC449F29681 /* Pods.framework in Frameworks */ = {isa = PBXBuildFile; fileRef = 4F0C29715B4EBC41866695B6 /* Pods.framework */; };
/* End PBXBuildFile section */

/* Begin PBXContainerItemProxy section */
		6379F56C1D1B9B9A0094ED24 /* PBXContainerItemProxy */ = {
			isa = PBXContainerItemProxy;
			containerPortal = 6379F5471D1B9B9A0094ED24 /* Project object */;
			proxyType = 1;
			remoteGlobalIDString = 6379F54E1D1B9B9A0094ED24;
			remoteInfo = Lily;
		};
		6379F5771D1B9B9A0094ED24 /* PBXContainerItemProxy */ = {
			isa = PBXContainerItemProxy;
			containerPortal = 6379F5471D1B9B9A0094ED24 /* Project object */;
			proxyType = 1;
			remoteGlobalIDString = 6379F54E1D1B9B9A0094ED24;
			remoteInfo = Lily;
		};
/* End PBXContainerItemProxy section */

/* Begin PBXFileReference section */
		2EFB452003D621F7CCF38BB5 /* Pods.debug.xcconfig */ = {isa = PBXFileReference; includeInIndex = 1; lastKnownFileType = text.xcconfig; name = Pods.debug.xcconfig; path = "Pods/Target Support Files/Pods/Pods.debug.xcconfig"; sourceTree = "<group>"; };
		4F0C29715B4EBC41866695B6 /* Pods.framework */ = {isa = PBXFileReference; explicitFileType = wrapper.framework; includeInIndex = 0; path = Pods.framework; sourceTree = BUILT_PRODUCTS_DIR; };
		630AAF3B1DC2CE0B0031BACD /* BalloonMarker.swift */ = {isa = PBXFileReference; fileEncoding = 4; lastKnownFileType = sourcecode.swift; path = BalloonMarker.swift; sourceTree = "<group>"; };
		632007341DC314E2004CB6D5 /* circleLily.png */ = {isa = PBXFileReference; lastKnownFileType = image.png; path = circleLily.png; sourceTree = "<group>"; };
		632085F51DC0204500F64794 /* DPRFriendsNetIncomeVC.h */ = {isa = PBXFileReference; fileEncoding = 4; lastKnownFileType = sourcecode.c.h; path = DPRFriendsNetIncomeVC.h; sourceTree = "<group>"; };
		632085F61DC0204500F64794 /* DPRFriendsNetIncomeVC.m */ = {isa = PBXFileReference; fileEncoding = 4; lastKnownFileType = sourcecode.c.objc; path = DPRFriendsNetIncomeVC.m; sourceTree = "<group>"; };
		6324666B1D1CA5FD00512931 /* DPRUIHelper.h */ = {isa = PBXFileReference; fileEncoding = 4; lastKnownFileType = sourcecode.c.h; path = DPRUIHelper.h; sourceTree = "<group>"; };
		6324666C1D1CA5FD00512931 /* DPRUIHelper.m */ = {isa = PBXFileReference; fileEncoding = 4; lastKnownFileType = sourcecode.c.objc; path = DPRUIHelper.m; sourceTree = "<group>"; };
		634C3BCF1DD94CA4001C6D5C /* DPRChartHelper.h */ = {isa = PBXFileReference; fileEncoding = 4; lastKnownFileType = sourcecode.c.h; path = DPRChartHelper.h; sourceTree = "<group>"; };
		634C3BD01DD94CA4001C6D5C /* DPRChartHelper.m */ = {isa = PBXFileReference; fileEncoding = 4; lastKnownFileType = sourcecode.c.objc; path = DPRChartHelper.m; sourceTree = "<group>"; };
		634C3BD71DD95D9E001C6D5C /* UIFont+CustomFonts.h */ = {isa = PBXFileReference; fileEncoding = 4; lastKnownFileType = sourcecode.c.h; path = "UIFont+CustomFonts.h"; sourceTree = "<group>"; };
		634C3BD81DD95D9E001C6D5C /* UIFont+CustomFonts.m */ = {isa = PBXFileReference; fileEncoding = 4; lastKnownFileType = sourcecode.c.objc; path = "UIFont+CustomFonts.m"; sourceTree = "<group>"; };
		635792A71DD93981001ACC46 /* Lily-Bridging-Header.h */ = {isa = PBXFileReference; lastKnownFileType = sourcecode.c.h; path = "Lily-Bridging-Header.h"; sourceTree = "<group>"; };
		635F85CC1DBAE3E1006C3CC6 /* DPRDashboardTableViewCell.h */ = {isa = PBXFileReference; fileEncoding = 4; lastKnownFileType = sourcecode.c.h; path = DPRDashboardTableViewCell.h; sourceTree = "<group>"; };
		635F85CD1DBAE3E1006C3CC6 /* DPRDashboardTableViewCell.m */ = {isa = PBXFileReference; fileEncoding = 4; lastKnownFileType = sourcecode.c.objc; path = DPRDashboardTableViewCell.m; sourceTree = "<group>"; };
		636326181D289679001CA480 /* DPRTransactionSingleton.h */ = {isa = PBXFileReference; fileEncoding = 4; lastKnownFileType = sourcecode.c.h; path = DPRTransactionSingleton.h; sourceTree = "<group>"; };
		636326191D289679001CA480 /* DPRTransactionSingleton.m */ = {isa = PBXFileReference; fileEncoding = 4; lastKnownFileType = sourcecode.c.objc; path = DPRTransactionSingleton.m; sourceTree = "<group>"; };
		6363262B1D2A1BC8001CA480 /* DPRTarget+CoreDataProperties.h */ = {isa = PBXFileReference; fileEncoding = 4; lastKnownFileType = sourcecode.c.h; path = "DPRTarget+CoreDataProperties.h"; sourceTree = "<group>"; };
		6363262C1D2A1BC8001CA480 /* DPRTarget+CoreDataProperties.m */ = {isa = PBXFileReference; fileEncoding = 4; lastKnownFileType = sourcecode.c.objc; path = "DPRTarget+CoreDataProperties.m"; sourceTree = "<group>"; };
		6363262D1D2A1BC8001CA480 /* DPRTarget.h */ = {isa = PBXFileReference; fileEncoding = 4; lastKnownFileType = sourcecode.c.h; path = DPRTarget.h; sourceTree = "<group>"; };
		6363262E1D2A1BC8001CA480 /* DPRTarget.m */ = {isa = PBXFileReference; fileEncoding = 4; lastKnownFileType = sourcecode.c.objc; path = DPRTarget.m; sourceTree = "<group>"; };
		636326331D2A1EB6001CA480 /* DPRTransaction+CoreDataProperties.h */ = {isa = PBXFileReference; fileEncoding = 4; lastKnownFileType = sourcecode.c.h; path = "DPRTransaction+CoreDataProperties.h"; sourceTree = "<group>"; };
		636326341D2A1EB6001CA480 /* DPRTransaction+CoreDataProperties.m */ = {isa = PBXFileReference; fileEncoding = 4; lastKnownFileType = sourcecode.c.objc; path = "DPRTransaction+CoreDataProperties.m"; sourceTree = "<group>"; };
		636326351D2A1EB6001CA480 /* DPRTransaction.h */ = {isa = PBXFileReference; fileEncoding = 4; lastKnownFileType = sourcecode.c.h; path = DPRTransaction.h; sourceTree = "<group>"; };
		636326361D2A1EB6001CA480 /* DPRTransaction.m */ = {isa = PBXFileReference; fileEncoding = 4; lastKnownFileType = sourcecode.c.objc; path = DPRTransaction.m; sourceTree = "<group>"; };
		63782FAC1D220919003410D3 /* DPRCoreDataHelper.h */ = {isa = PBXFileReference; fileEncoding = 4; lastKnownFileType = sourcecode.c.h; path = DPRCoreDataHelper.h; sourceTree = "<group>"; };
		63782FAD1D220919003410D3 /* DPRCoreDataHelper.m */ = {isa = PBXFileReference; fileEncoding = 4; lastKnownFileType = sourcecode.c.objc; path = DPRCoreDataHelper.m; sourceTree = "<group>"; };
		63782FB31D231BD9003410D3 /* DPRUser+CoreDataProperties.h */ = {isa = PBXFileReference; fileEncoding = 4; lastKnownFileType = sourcecode.c.h; path = "DPRUser+CoreDataProperties.h"; sourceTree = "<group>"; };
		63782FB41D231BD9003410D3 /* DPRUser+CoreDataProperties.m */ = {isa = PBXFileReference; fileEncoding = 4; lastKnownFileType = sourcecode.c.objc; path = "DPRUser+CoreDataProperties.m"; sourceTree = "<group>"; };
		63782FB51D231BD9003410D3 /* DPRUser.h */ = {isa = PBXFileReference; fileEncoding = 4; lastKnownFileType = sourcecode.c.h; path = DPRUser.h; sourceTree = "<group>"; };
		63782FB61D231BD9003410D3 /* DPRUser.m */ = {isa = PBXFileReference; fileEncoding = 4; lastKnownFileType = sourcecode.c.objc; path = DPRUser.m; sourceTree = "<group>"; };
		63782FBE1D24AABC003410D3 /* DPRTransactionTableViewCell.h */ = {isa = PBXFileReference; fileEncoding = 4; lastKnownFileType = sourcecode.c.h; path = DPRTransactionTableViewCell.h; sourceTree = "<group>"; };
		63782FBF1D24AABC003410D3 /* DPRTransactionTableViewCell.m */ = {isa = PBXFileReference; fileEncoding = 4; lastKnownFileType = sourcecode.c.objc; path = DPRTransactionTableViewCell.m; sourceTree = "<group>"; };
		6379F54F1D1B9B9A0094ED24 /* Lily.app */ = {isa = PBXFileReference; explicitFileType = wrapper.application; includeInIndex = 0; path = Lily.app; sourceTree = BUILT_PRODUCTS_DIR; };
		6379F5531D1B9B9A0094ED24 /* main.m */ = {isa = PBXFileReference; lastKnownFileType = sourcecode.c.objc; path = main.m; sourceTree = "<group>"; };
		6379F5551D1B9B9A0094ED24 /* DPRAppDelegate.h */ = {isa = PBXFileReference; lastKnownFileType = sourcecode.c.h; path = DPRAppDelegate.h; sourceTree = "<group>"; };
		6379F5561D1B9B9A0094ED24 /* DPRAppDelegate.m */ = {isa = PBXFileReference; lastKnownFileType = sourcecode.c.objc; path = DPRAppDelegate.m; sourceTree = "<group>"; };
		6379F55C1D1B9B9A0094ED24 /* Base */ = {isa = PBXFileReference; lastKnownFileType = file.storyboard; name = Base; path = Base.lproj/Main.storyboard; sourceTree = "<group>"; };
		6379F55F1D1B9B9A0094ED24 /* Lily.xcdatamodel */ = {isa = PBXFileReference; lastKnownFileType = wrapper.xcdatamodel; path = Lily.xcdatamodel; sourceTree = "<group>"; };
		6379F5611D1B9B9A0094ED24 /* Assets.xcassets */ = {isa = PBXFileReference; lastKnownFileType = folder.assetcatalog; path = Assets.xcassets; sourceTree = "<group>"; };
		6379F5641D1B9B9A0094ED24 /* Base */ = {isa = PBXFileReference; lastKnownFileType = file.storyboard; name = Base; path = Base.lproj/LaunchScreen.storyboard; sourceTree = "<group>"; };
		6379F5661D1B9B9A0094ED24 /* Info.plist */ = {isa = PBXFileReference; lastKnownFileType = text.plist.xml; path = Info.plist; sourceTree = "<group>"; };
		6379F56B1D1B9B9A0094ED24 /* LilyTests.xctest */ = {isa = PBXFileReference; explicitFileType = wrapper.cfbundle; includeInIndex = 0; path = LilyTests.xctest; sourceTree = BUILT_PRODUCTS_DIR; };
		6379F56F1D1B9B9A0094ED24 /* LilyTests.m */ = {isa = PBXFileReference; lastKnownFileType = sourcecode.c.objc; path = LilyTests.m; sourceTree = "<group>"; };
		6379F5711D1B9B9A0094ED24 /* Info.plist */ = {isa = PBXFileReference; lastKnownFileType = text.plist.xml; path = Info.plist; sourceTree = "<group>"; };
		6379F5761D1B9B9A0094ED24 /* LilyUITests.xctest */ = {isa = PBXFileReference; explicitFileType = wrapper.cfbundle; includeInIndex = 0; path = LilyUITests.xctest; sourceTree = BUILT_PRODUCTS_DIR; };
		6379F57A1D1B9B9A0094ED24 /* LilyUITests.m */ = {isa = PBXFileReference; lastKnownFileType = sourcecode.c.objc; path = LilyUITests.m; sourceTree = "<group>"; };
		6379F57C1D1B9B9A0094ED24 /* Info.plist */ = {isa = PBXFileReference; lastKnownFileType = text.plist.xml; path = Info.plist; sourceTree = "<group>"; };
		6379F58C1D1B9CA40094ED24 /* DPRVenmoHelper.h */ = {isa = PBXFileReference; fileEncoding = 4; lastKnownFileType = sourcecode.c.h; path = DPRVenmoHelper.h; sourceTree = "<group>"; };
		6379F58D1D1B9CA40094ED24 /* DPRVenmoHelper.m */ = {isa = PBXFileReference; fileEncoding = 4; lastKnownFileType = sourcecode.c.objc; path = DPRVenmoHelper.m; sourceTree = "<group>"; };
		6379F58F1D1B9DA80094ED24 /* UIColor+CustomColors.h */ = {isa = PBXFileReference; fileEncoding = 4; lastKnownFileType = sourcecode.c.h; path = "UIColor+CustomColors.h"; sourceTree = "<group>"; };
		6379F5901D1B9DA80094ED24 /* UIColor+CustomColors.m */ = {isa = PBXFileReference; fileEncoding = 4; lastKnownFileType = sourcecode.c.objc; path = "UIColor+CustomColors.m"; sourceTree = "<group>"; };
		6379F5951D1B9E610094ED24 /* DPRWalkthroughVC.h */ = {isa = PBXFileReference; fileEncoding = 4; lastKnownFileType = sourcecode.c.h; path = DPRWalkthroughVC.h; sourceTree = "<group>"; };
		6379F5961D1B9E610094ED24 /* DPRWalkthroughVC.m */ = {isa = PBXFileReference; fileEncoding = 4; lastKnownFileType = sourcecode.c.objc; path = DPRWalkthroughVC.m; sourceTree = "<group>"; };
		6379F59F1D1BA48A0094ED24 /* DPRDashboardVC.h */ = {isa = PBXFileReference; fileEncoding = 4; lastKnownFileType = sourcecode.c.h; path = DPRDashboardVC.h; sourceTree = "<group>"; };
		6379F5A01D1BA48A0094ED24 /* DPRDashboardVC.m */ = {isa = PBXFileReference; fileEncoding = 4; lastKnownFileType = sourcecode.c.objc; path = DPRDashboardVC.m; sourceTree = "<group>"; };
		6379F5A51D1BA4D10094ED24 /* DPRTransactionsVC.h */ = {isa = PBXFileReference; fileEncoding = 4; lastKnownFileType = sourcecode.c.h; path = DPRTransactionsVC.h; sourceTree = "<group>"; };
		6379F5A61D1BA4D10094ED24 /* DPRTransactionsVC.m */ = {isa = PBXFileReference; fileEncoding = 4; lastKnownFileType = sourcecode.c.objc; path = DPRTransactionsVC.m; sourceTree = "<group>"; };
		6379F5A91D1BA8DC0094ED24 /* bg1@2x.png */ = {isa = PBXFileReference; lastKnownFileType = image.png; path = "bg1@2x.png"; sourceTree = "<group>"; };
		6379F5AA1D1BA8DC0094ED24 /* bg2@2x.png */ = {isa = PBXFileReference; lastKnownFileType = image.png; path = "bg2@2x.png"; sourceTree = "<group>"; };
		6379F5AB1D1BA8DC0094ED24 /* bg3@2x.png */ = {isa = PBXFileReference; lastKnownFileType = image.png; path = "bg3@2x.png"; sourceTree = "<group>"; };
		6379F5AC1D1BA8DC0094ED24 /* bg4@2x.png */ = {isa = PBXFileReference; lastKnownFileType = image.png; path = "bg4@2x.png"; sourceTree = "<group>"; };
		6379F5AE1D1BA8DC0094ED24 /* icon1@2x.png */ = {isa = PBXFileReference; lastKnownFileType = image.png; path = "icon1@2x.png"; sourceTree = "<group>"; };
		6379F5B21D1BA8DC0094ED24 /* pageDot.png */ = {isa = PBXFileReference; lastKnownFileType = image.png; path = pageDot.png; sourceTree = "<group>"; };
		6379F5B31D1BA8DC0094ED24 /* pageDot@2x.png */ = {isa = PBXFileReference; lastKnownFileType = image.png; path = "pageDot@2x.png"; sourceTree = "<group>"; };
		63811E611DC42673008C5874 /* DPRSettingsTVC.h */ = {isa = PBXFileReference; fileEncoding = 4; lastKnownFileType = sourcecode.c.h; path = DPRSettingsTVC.h; sourceTree = "<group>"; };
		63811E621DC42673008C5874 /* DPRSettingsTVC.m */ = {isa = PBXFileReference; fileEncoding = 4; lastKnownFileType = sourcecode.c.objc; path = DPRSettingsTVC.m; sourceTree = "<group>"; };
		63811E641DC42717008C5874 /* DPRSettingsTableViewCell.h */ = {isa = PBXFileReference; fileEncoding = 4; lastKnownFileType = sourcecode.c.h; path = DPRSettingsTableViewCell.h; sourceTree = "<group>"; };
		63811E651DC42717008C5874 /* DPRSettingsTableViewCell.m */ = {isa = PBXFileReference; fileEncoding = 4; lastKnownFileType = sourcecode.c.objc; path = DPRSettingsTableViewCell.m; sourceTree = "<group>"; };
		63811E671DC69157008C5874 /* DPRInformationVC.h */ = {isa = PBXFileReference; fileEncoding = 4; lastKnownFileType = sourcecode.c.h; path = DPRInformationVC.h; sourceTree = "<group>"; };
		63811E681DC69157008C5874 /* DPRInformationVC.m */ = {isa = PBXFileReference; fileEncoding = 4; lastKnownFileType = sourcecode.c.objc; path = DPRInformationVC.m; sourceTree = "<group>"; };
		63811E6A1DC695E9008C5874 /* DPRContentHelper.h */ = {isa = PBXFileReference; fileEncoding = 4; lastKnownFileType = sourcecode.c.h; path = DPRContentHelper.h; sourceTree = "<group>"; };
		63811E6B1DC695E9008C5874 /* DPRContentHelper.m */ = {isa = PBXFileReference; fileEncoding = 4; lastKnownFileType = sourcecode.c.objc; path = DPRContentHelper.m; sourceTree = "<group>"; };
		63811E6D1DC6AACF008C5874 /* ApacheLicense.txt */ = {isa = PBXFileReference; fileEncoding = 4; lastKnownFileType = text; path = ApacheLicense.txt; sourceTree = "<group>"; };
		63811E6F1DC6AB74008C5874 /* MITLicense.txt */ = {isa = PBXFileReference; fileEncoding = 4; lastKnownFileType = text; path = MITLicense.txt; sourceTree = "<group>"; };
		63C2DE4B1DC17A2D009F64F8 /* DPRMonthsExpendituresVC.h */ = {isa = PBXFileReference; fileEncoding = 4; lastKnownFileType = sourcecode.c.h; path = DPRMonthsExpendituresVC.h; sourceTree = "<group>"; };
		63C2DE4C1DC17A2D009F64F8 /* DPRMonthsExpendituresVC.m */ = {isa = PBXFileReference; fileEncoding = 4; lastKnownFileType = sourcecode.c.objc; path = DPRMonthsExpendituresVC.m; sourceTree = "<group>"; };
		63C2DE541DC27B80009F64F8 /* DPRMonthsNetIncomeVC.h */ = {isa = PBXFileReference; fileEncoding = 4; lastKnownFileType = sourcecode.c.h; path = DPRMonthsNetIncomeVC.h; sourceTree = "<group>"; };
		63C2DE551DC27B80009F64F8 /* DPRMonthsNetIncomeVC.m */ = {isa = PBXFileReference; fileEncoding = 4; lastKnownFileType = sourcecode.c.objc; path = DPRMonthsNetIncomeVC.m; sourceTree = "<group>"; };
		63C2DE571DC2B2CA009F64F8 /* DPRMonthsDetailsTVC.h */ = {isa = PBXFileReference; fileEncoding = 4; lastKnownFileType = sourcecode.c.h; path = DPRMonthsDetailsTVC.h; sourceTree = "<group>"; };
		63C2DE581DC2B2CA009F64F8 /* DPRMonthsDetailsTVC.m */ = {isa = PBXFileReference; fileEncoding = 4; lastKnownFileType = sourcecode.c.objc; path = DPRMonthsDetailsTVC.m; sourceTree = "<group>"; };
		63C2DE5A1DC2B334009F64F8 /* DPRMonthsDetailsTableViewCell.h */ = {isa = PBXFileReference; fileEncoding = 4; lastKnownFileType = sourcecode.c.h; path = DPRMonthsDetailsTableViewCell.h; sourceTree = "<group>"; };
		63C2DE5B1DC2B334009F64F8 /* DPRMonthsDetailsTableViewCell.m */ = {isa = PBXFileReference; fileEncoding = 4; lastKnownFileType = sourcecode.c.objc; path = DPRMonthsDetailsTableViewCell.m; sourceTree = "<group>"; };
		63C551131DC2E54A006B984F /* XYMarkerView.swift */ = {isa = PBXFileReference; fileEncoding = 4; lastKnownFileType = sourcecode.swift; path = XYMarkerView.swift; sourceTree = "<group>"; };
		63C5511E1DC30E9E006B984F /* athletics.png */ = {isa = PBXFileReference; lastKnownFileType = image.png; path = athletics.png; sourceTree = "<group>"; };
		63C5511F1DC30E9E006B984F /* free.png */ = {isa = PBXFileReference; lastKnownFileType = image.png; path = free.png; sourceTree = "<group>"; };
		63C551201DC30E9E006B984F /* graph.png */ = {isa = PBXFileReference; lastKnownFileType = image.png; path = graph.png; sourceTree = "<group>"; };
		63C551211DC30E9E006B984F /* presentation.png */ = {isa = PBXFileReference; lastKnownFileType = image.png; path = presentation.png; sourceTree = "<group>"; };
		63C765DF1DBEAC6A005D55F6 /* DPRFriendsListTVC.h */ = {isa = PBXFileReference; fileEncoding = 4; lastKnownFileType = sourcecode.c.h; path = DPRFriendsListTVC.h; sourceTree = "<group>"; };
		63C765E01DBEAC6A005D55F6 /* DPRFriendsListTVC.m */ = {isa = PBXFileReference; fileEncoding = 4; lastKnownFileType = sourcecode.c.objc; path = DPRFriendsListTVC.m; sourceTree = "<group>"; };
		63C765E21DBEAD09005D55F6 /* DPRFriendsListTableViewCell.h */ = {isa = PBXFileReference; fileEncoding = 4; lastKnownFileType = sourcecode.c.h; path = DPRFriendsListTableViewCell.h; sourceTree = "<group>"; };
		63C765E31DBEAD09005D55F6 /* DPRFriendsListTableViewCell.m */ = {isa = PBXFileReference; fileEncoding = 4; lastKnownFileType = sourcecode.c.objc; path = DPRFriendsListTableViewCell.m; sourceTree = "<group>"; };
		63C765E51DBEEC6A005D55F6 /* DPRFriendsExpendituresVC.h */ = {isa = PBXFileReference; fileEncoding = 4; lastKnownFileType = sourcecode.c.h; path = DPRFriendsExpendituresVC.h; sourceTree = "<group>"; };
		63C765E61DBEEC6A005D55F6 /* DPRFriendsExpendituresVC.m */ = {isa = PBXFileReference; fileEncoding = 4; lastKnownFileType = sourcecode.c.objc; path = DPRFriendsExpendituresVC.m; sourceTree = "<group>"; };
		95A1E323D74501F6C791D91E /* Pods.release.xcconfig */ = {isa = PBXFileReference; includeInIndex = 1; lastKnownFileType = text.xcconfig; name = Pods.release.xcconfig; path = "Pods/Target Support Files/Pods/Pods.release.xcconfig"; sourceTree = "<group>"; };
/* End PBXFileReference section */

/* Begin PBXFrameworksBuildPhase section */
		6379F54C1D1B9B9A0094ED24 /* Frameworks */ = {
			isa = PBXFrameworksBuildPhase;
			buildActionMask = 2147483647;
			files = (
				70D59C0F6BC0CCC449F29681 /* Pods.framework in Frameworks */,
			);
			runOnlyForDeploymentPostprocessing = 0;
		};
		6379F5681D1B9B9A0094ED24 /* Frameworks */ = {
			isa = PBXFrameworksBuildPhase;
			buildActionMask = 2147483647;
			files = (
			);
			runOnlyForDeploymentPostprocessing = 0;
		};
		6379F5731D1B9B9A0094ED24 /* Frameworks */ = {
			isa = PBXFrameworksBuildPhase;
			buildActionMask = 2147483647;
			files = (
			);
			runOnlyForDeploymentPostprocessing = 0;
		};
/* End PBXFrameworksBuildPhase section */

/* Begin PBXGroup section */
		192B1E54A99871586F5024AB /* Pods */ = {
			isa = PBXGroup;
			children = (
				2EFB452003D621F7CCF38BB5 /* Pods.debug.xcconfig */,
				95A1E323D74501F6C791D91E /* Pods.release.xcconfig */,
			);
			name = Pods;
			sourceTree = "<group>";
		};
		635792A81DD93A35001ACC46 /* Settings */ = {
			isa = PBXGroup;
			children = (
				63811E611DC42673008C5874 /* DPRSettingsTVC.h */,
				63811E621DC42673008C5874 /* DPRSettingsTVC.m */,
				63811E671DC69157008C5874 /* DPRInformationVC.h */,
				63811E681DC69157008C5874 /* DPRInformationVC.m */,
			);
			name = Settings;
			sourceTree = "<group>";
		};
		635792A91DD93AA1001ACC46 /* Cells */ = {
			isa = PBXGroup;
			children = (
				63811E641DC42717008C5874 /* DPRSettingsTableViewCell.h */,
				63811E651DC42717008C5874 /* DPRSettingsTableViewCell.m */,
				635F85CC1DBAE3E1006C3CC6 /* DPRDashboardTableViewCell.h */,
				635F85CD1DBAE3E1006C3CC6 /* DPRDashboardTableViewCell.m */,
				63C765E21DBEAD09005D55F6 /* DPRFriendsListTableViewCell.h */,
				63C765E31DBEAD09005D55F6 /* DPRFriendsListTableViewCell.m */,
				63782FBE1D24AABC003410D3 /* DPRTransactionTableViewCell.h */,
				63782FBF1D24AABC003410D3 /* DPRTransactionTableViewCell.m */,
				63C2DE5A1DC2B334009F64F8 /* DPRMonthsDetailsTableViewCell.h */,
				63C2DE5B1DC2B334009F64F8 /* DPRMonthsDetailsTableViewCell.m */,
			);
			name = Cells;
			sourceTree = "<group>";
		};
		635F85CF1DBB01E4006C3CC6 /* Introduction */ = {
			isa = PBXGroup;
			children = (
				6379F5951D1B9E610094ED24 /* DPRWalkthroughVC.h */,
				6379F5961D1B9E610094ED24 /* DPRWalkthroughVC.m */,
			);
			name = Introduction;
			sourceTree = "<group>";
		};
		63782FAB1D220393003410D3 /* Core Data */ = {
			isa = PBXGroup;
			children = (
				636326331D2A1EB6001CA480 /* DPRTransaction+CoreDataProperties.h */,
				636326341D2A1EB6001CA480 /* DPRTransaction+CoreDataProperties.m */,
				6363262B1D2A1BC8001CA480 /* DPRTarget+CoreDataProperties.h */,
				6363262C1D2A1BC8001CA480 /* DPRTarget+CoreDataProperties.m */,
				63782FB31D231BD9003410D3 /* DPRUser+CoreDataProperties.h */,
				63782FB41D231BD9003410D3 /* DPRUser+CoreDataProperties.m */,
			);
			name = "Core Data";
			sourceTree = "<group>";
		};
		6379F5461D1B9B9A0094ED24 = {
			isa = PBXGroup;
			children = (
				6379F5511D1B9B9A0094ED24 /* Lily */,
				6379F56E1D1B9B9A0094ED24 /* LilyTests */,
				6379F5791D1B9B9A0094ED24 /* LilyUITests */,
				6379F5501D1B9B9A0094ED24 /* Products */,
				192B1E54A99871586F5024AB /* Pods */,
				838A64B0F802517F87F070CF /* Frameworks */,
			);
			sourceTree = "<group>";
		};
		6379F5501D1B9B9A0094ED24 /* Products */ = {
			isa = PBXGroup;
			children = (
				6379F54F1D1B9B9A0094ED24 /* Lily.app */,
				6379F56B1D1B9B9A0094ED24 /* LilyTests.xctest */,
				6379F5761D1B9B9A0094ED24 /* LilyUITests.xctest */,
			);
			name = Products;
			sourceTree = "<group>";
		};
		6379F5511D1B9B9A0094ED24 /* Lily */ = {
			isa = PBXGroup;
			children = (
				6379F5551D1B9B9A0094ED24 /* DPRAppDelegate.h */,
				6379F5561D1B9B9A0094ED24 /* DPRAppDelegate.m */,
				6379F55B1D1B9B9A0094ED24 /* Main.storyboard */,
				6379F58A1D1B9C120094ED24 /* Controller */,
				6379F58B1D1B9C830094ED24 /* Helper */,
				6379F5881D1B9C090094ED24 /* Model */,
				6379F5891D1B9C0E0094ED24 /* View */,
				6379F5521D1B9B9A0094ED24 /* Supporting Files */,
			);
			path = Lily;
			sourceTree = "<group>";
		};
		6379F5521D1B9B9A0094ED24 /* Supporting Files */ = {
			isa = PBXGroup;
			children = (
				6379F5A81D1BA8DC0094ED24 /* Images */,
				63C551131DC2E54A006B984F /* XYMarkerView.swift */,
				630AAF3B1DC2CE0B0031BACD /* BalloonMarker.swift */,
				635792A71DD93981001ACC46 /* Lily-Bridging-Header.h */,
				6379F5611D1B9B9A0094ED24 /* Assets.xcassets */,
				6379F5631D1B9B9A0094ED24 /* LaunchScreen.storyboard */,
				6379F5661D1B9B9A0094ED24 /* Info.plist */,
				6379F55E1D1B9B9A0094ED24 /* Lily.xcdatamodeld */,
				6379F5531D1B9B9A0094ED24 /* main.m */,
				63811E6D1DC6AACF008C5874 /* ApacheLicense.txt */,
				63811E6F1DC6AB74008C5874 /* MITLicense.txt */,
			);
			name = "Supporting Files";
			sourceTree = "<group>";
		};
		6379F56E1D1B9B9A0094ED24 /* LilyTests */ = {
			isa = PBXGroup;
			children = (
				6379F56F1D1B9B9A0094ED24 /* LilyTests.m */,
				6379F5711D1B9B9A0094ED24 /* Info.plist */,
			);
			path = LilyTests;
			sourceTree = "<group>";
		};
		6379F5791D1B9B9A0094ED24 /* LilyUITests */ = {
			isa = PBXGroup;
			children = (
				6379F57A1D1B9B9A0094ED24 /* LilyUITests.m */,
				6379F57C1D1B9B9A0094ED24 /* Info.plist */,
			);
			path = LilyUITests;
			sourceTree = "<group>";
		};
		6379F5881D1B9C090094ED24 /* Model */ = {
			isa = PBXGroup;
			children = (
				636326351D2A1EB6001CA480 /* DPRTransaction.h */,
				636326361D2A1EB6001CA480 /* DPRTransaction.m */,
				63782FB51D231BD9003410D3 /* DPRUser.h */,
				63782FB61D231BD9003410D3 /* DPRUser.m */,
				6363262D1D2A1BC8001CA480 /* DPRTarget.h */,
				6363262E1D2A1BC8001CA480 /* DPRTarget.m */,
				636326181D289679001CA480 /* DPRTransactionSingleton.h */,
				636326191D289679001CA480 /* DPRTransactionSingleton.m */,
				63782FAB1D220393003410D3 /* Core Data */,
			);
			name = Model;
			sourceTree = "<group>";
		};
		6379F5891D1B9C0E0094ED24 /* View */ = {
			isa = PBXGroup;
			children = (
				635792A91DD93AA1001ACC46 /* Cells */,
				6379F58F1D1B9DA80094ED24 /* UIColor+CustomColors.h */,
				6379F5901D1B9DA80094ED24 /* UIColor+CustomColors.m */,
				634C3BD71DD95D9E001C6D5C /* UIFont+CustomFonts.h */,
				634C3BD81DD95D9E001C6D5C /* UIFont+CustomFonts.m */,
			);
			name = View;
			sourceTree = "<group>";
		};
		6379F58A1D1B9C120094ED24 /* Controller */ = {
			isa = PBXGroup;
			children = (
				635F85CF1DBB01E4006C3CC6 /* Introduction */,
				6379F59B1D1BA46E0094ED24 /* Tabs */,
				63C2DE491DC179E8009F64F8 /* Friends */,
				63C2DE4A1DC179F0009F64F8 /* Months */,
				635792A81DD93A35001ACC46 /* Settings */,
			);
			name = Controller;
			sourceTree = "<group>";
		};
		6379F58B1D1B9C830094ED24 /* Helper */ = {
			isa = PBXGroup;
			children = (
				634C3BCF1DD94CA4001C6D5C /* DPRChartHelper.h */,
				634C3BD01DD94CA4001C6D5C /* DPRChartHelper.m */,
				6324666B1D1CA5FD00512931 /* DPRUIHelper.h */,
				6324666C1D1CA5FD00512931 /* DPRUIHelper.m */,
				6379F58C1D1B9CA40094ED24 /* DPRVenmoHelper.h */,
				6379F58D1D1B9CA40094ED24 /* DPRVenmoHelper.m */,
				63782FAC1D220919003410D3 /* DPRCoreDataHelper.h */,
				63782FAD1D220919003410D3 /* DPRCoreDataHelper.m */,
				63811E6A1DC695E9008C5874 /* DPRContentHelper.h */,
				63811E6B1DC695E9008C5874 /* DPRContentHelper.m */,
			);
			name = Helper;
			sourceTree = "<group>";
		};
		6379F59B1D1BA46E0094ED24 /* Tabs */ = {
			isa = PBXGroup;
			children = (
				6379F59F1D1BA48A0094ED24 /* DPRDashboardVC.h */,
				6379F5A01D1BA48A0094ED24 /* DPRDashboardVC.m */,
				6379F5A51D1BA4D10094ED24 /* DPRTransactionsVC.h */,
				6379F5A61D1BA4D10094ED24 /* DPRTransactionsVC.m */,
			);
			name = Tabs;
			sourceTree = "<group>";
		};
		6379F5A81D1BA8DC0094ED24 /* Images */ = {
			isa = PBXGroup;
			children = (
				6379F5A91D1BA8DC0094ED24 /* bg1@2x.png */,
				6379F5AA1D1BA8DC0094ED24 /* bg2@2x.png */,
				6379F5AB1D1BA8DC0094ED24 /* bg3@2x.png */,
				6379F5AC1D1BA8DC0094ED24 /* bg4@2x.png */,
				63C5511E1DC30E9E006B984F /* athletics.png */,
				63C5511F1DC30E9E006B984F /* free.png */,
				63C551201DC30E9E006B984F /* graph.png */,
				63C551211DC30E9E006B984F /* presentation.png */,
				6379F5AE1D1BA8DC0094ED24 /* icon1@2x.png */,
				632007341DC314E2004CB6D5 /* circleLily.png */,
				6379F5B21D1BA8DC0094ED24 /* pageDot.png */,
				6379F5B31D1BA8DC0094ED24 /* pageDot@2x.png */,
			);
			name = Images;
			path = Intro;
			sourceTree = "<group>";
		};
		63C2DE491DC179E8009F64F8 /* Friends */ = {
			isa = PBXGroup;
			children = (
				63C765E51DBEEC6A005D55F6 /* DPRFriendsExpendituresVC.h */,
				63C765E61DBEEC6A005D55F6 /* DPRFriendsExpendituresVC.m */,
				632085F51DC0204500F64794 /* DPRFriendsNetIncomeVC.h */,
				632085F61DC0204500F64794 /* DPRFriendsNetIncomeVC.m */,
				63C765DF1DBEAC6A005D55F6 /* DPRFriendsListTVC.h */,
				63C765E01DBEAC6A005D55F6 /* DPRFriendsListTVC.m */,
			);
			name = Friends;
			sourceTree = "<group>";
		};
		63C2DE4A1DC179F0009F64F8 /* Months */ = {
			isa = PBXGroup;
			children = (
				63C2DE4B1DC17A2D009F64F8 /* DPRMonthsExpendituresVC.h */,
				63C2DE4C1DC17A2D009F64F8 /* DPRMonthsExpendituresVC.m */,
				63C2DE541DC27B80009F64F8 /* DPRMonthsNetIncomeVC.h */,
				63C2DE551DC27B80009F64F8 /* DPRMonthsNetIncomeVC.m */,
				63C2DE571DC2B2CA009F64F8 /* DPRMonthsDetailsTVC.h */,
				63C2DE581DC2B2CA009F64F8 /* DPRMonthsDetailsTVC.m */,
			);
			name = Months;
			sourceTree = "<group>";
		};
		838A64B0F802517F87F070CF /* Frameworks */ = {
			isa = PBXGroup;
			children = (
				4F0C29715B4EBC41866695B6 /* Pods.framework */,
			);
			name = Frameworks;
			sourceTree = "<group>";
		};
/* End PBXGroup section */

/* Begin PBXNativeTarget section */
		6379F54E1D1B9B9A0094ED24 /* Lily */ = {
			isa = PBXNativeTarget;
			buildConfigurationList = 6379F57F1D1B9B9A0094ED24 /* Build configuration list for PBXNativeTarget "Lily" */;
			buildPhases = (
				283CCF9A6ACD6E5E8C2740E5 /* Check Pods Manifest.lock */,
				6379F54B1D1B9B9A0094ED24 /* Sources */,
				6379F54C1D1B9B9A0094ED24 /* Frameworks */,
				6379F54D1D1B9B9A0094ED24 /* Resources */,
				D7498086DD89ECEE54B11C24 /* Embed Pods Frameworks */,
				23481F95F5F4421225D318DE /* Copy Pods Resources */,
			);
			buildRules = (
			);
			dependencies = (
			);
			name = Lily;
			productName = Lily;
			productReference = 6379F54F1D1B9B9A0094ED24 /* Lily.app */;
			productType = "com.apple.product-type.application";
		};
		6379F56A1D1B9B9A0094ED24 /* LilyTests */ = {
			isa = PBXNativeTarget;
			buildConfigurationList = 6379F5821D1B9B9A0094ED24 /* Build configuration list for PBXNativeTarget "LilyTests" */;
			buildPhases = (
				6379F5671D1B9B9A0094ED24 /* Sources */,
				6379F5681D1B9B9A0094ED24 /* Frameworks */,
				6379F5691D1B9B9A0094ED24 /* Resources */,
			);
			buildRules = (
			);
			dependencies = (
				6379F56D1D1B9B9A0094ED24 /* PBXTargetDependency */,
			);
			name = LilyTests;
			productName = LilyTests;
			productReference = 6379F56B1D1B9B9A0094ED24 /* LilyTests.xctest */;
			productType = "com.apple.product-type.bundle.unit-test";
		};
		6379F5751D1B9B9A0094ED24 /* LilyUITests */ = {
			isa = PBXNativeTarget;
			buildConfigurationList = 6379F5851D1B9B9A0094ED24 /* Build configuration list for PBXNativeTarget "LilyUITests" */;
			buildPhases = (
				6379F5721D1B9B9A0094ED24 /* Sources */,
				6379F5731D1B9B9A0094ED24 /* Frameworks */,
				6379F5741D1B9B9A0094ED24 /* Resources */,
			);
			buildRules = (
			);
			dependencies = (
				6379F5781D1B9B9A0094ED24 /* PBXTargetDependency */,
			);
			name = LilyUITests;
			productName = LilyUITests;
			productReference = 6379F5761D1B9B9A0094ED24 /* LilyUITests.xctest */;
			productType = "com.apple.product-type.bundle.ui-testing";
		};
/* End PBXNativeTarget section */

/* Begin PBXProject section */
		6379F5471D1B9B9A0094ED24 /* Project object */ = {
			isa = PBXProject;
			attributes = {
				LastUpgradeCheck = 0810;
				ORGANIZATIONNAME = "David Richardson";
				TargetAttributes = {
					6379F54E1D1B9B9A0094ED24 = {
						CreatedOnToolsVersion = 7.3;
						DevelopmentTeam = VMJMB92Y2W;
						LastSwiftMigration = 0800;
					};
					6379F56A1D1B9B9A0094ED24 = {
						CreatedOnToolsVersion = 7.3;
						LastSwiftMigration = 0800;
						TestTargetID = 6379F54E1D1B9B9A0094ED24;
					};
					6379F5751D1B9B9A0094ED24 = {
						CreatedOnToolsVersion = 7.3;
						LastSwiftMigration = 0800;
						TestTargetID = 6379F54E1D1B9B9A0094ED24;
					};
				};
			};
			buildConfigurationList = 6379F54A1D1B9B9A0094ED24 /* Build configuration list for PBXProject "Lily" */;
			compatibilityVersion = "Xcode 3.2";
			developmentRegion = English;
			hasScannedForEncodings = 0;
			knownRegions = (
				en,
				Base,
			);
			mainGroup = 6379F5461D1B9B9A0094ED24;
			productRefGroup = 6379F5501D1B9B9A0094ED24 /* Products */;
			projectDirPath = "";
			projectRoot = "";
			targets = (
				6379F54E1D1B9B9A0094ED24 /* Lily */,
				6379F56A1D1B9B9A0094ED24 /* LilyTests */,
				6379F5751D1B9B9A0094ED24 /* LilyUITests */,
			);
		};
/* End PBXProject section */

/* Begin PBXResourcesBuildPhase section */
		6379F54D1D1B9B9A0094ED24 /* Resources */ = {
			isa = PBXResourcesBuildPhase;
			buildActionMask = 2147483647;
			files = (
				63C551241DC30E9E006B984F /* graph.png in Resources */,
				6379F5C21D1BA8DC0094ED24 /* pageDot.png in Resources */,
				6379F5C31D1BA8DC0094ED24 /* pageDot@2x.png in Resources */,
				6379F5651D1B9B9A0094ED24 /* LaunchScreen.storyboard in Resources */,
				6379F5BC1D1BA8DC0094ED24 /* bg4@2x.png in Resources */,
				6379F5BB1D1BA8DC0094ED24 /* bg3@2x.png in Resources */,
				63C551221DC30E9E006B984F /* athletics.png in Resources */,
				6379F5B91D1BA8DC0094ED24 /* bg1@2x.png in Resources */,
				63811E6E1DC6AACF008C5874 /* ApacheLicense.txt in Resources */,
				6379F5BE1D1BA8DC0094ED24 /* icon1@2x.png in Resources */,
				6379F5621D1B9B9A0094ED24 /* Assets.xcassets in Resources */,
				63C551251DC30E9E006B984F /* presentation.png in Resources */,
				6379F55D1D1B9B9A0094ED24 /* Main.storyboard in Resources */,
				63C551231DC30E9E006B984F /* free.png in Resources */,
				63811E701DC6AB74008C5874 /* MITLicense.txt in Resources */,
				632007351DC314E2004CB6D5 /* circleLily.png in Resources */,
				6379F5BA1D1BA8DC0094ED24 /* bg2@2x.png in Resources */,
			);
			runOnlyForDeploymentPostprocessing = 0;
		};
		6379F5691D1B9B9A0094ED24 /* Resources */ = {
			isa = PBXResourcesBuildPhase;
			buildActionMask = 2147483647;
			files = (
			);
			runOnlyForDeploymentPostprocessing = 0;
		};
		6379F5741D1B9B9A0094ED24 /* Resources */ = {
			isa = PBXResourcesBuildPhase;
			buildActionMask = 2147483647;
			files = (
			);
			runOnlyForDeploymentPostprocessing = 0;
		};
/* End PBXResourcesBuildPhase section */

/* Begin PBXShellScriptBuildPhase section */
		23481F95F5F4421225D318DE /* Copy Pods Resources */ = {
			isa = PBXShellScriptBuildPhase;
			buildActionMask = 2147483647;
			files = (
			);
			inputPaths = (
			);
			name = "Copy Pods Resources";
			outputPaths = (
			);
			runOnlyForDeploymentPostprocessing = 0;
			shellPath = /bin/sh;
			shellScript = "\"${SRCROOT}/Pods/Target Support Files/Pods/Pods-resources.sh\"\n";
			showEnvVarsInLog = 0;
		};
		283CCF9A6ACD6E5E8C2740E5 /* Check Pods Manifest.lock */ = {
			isa = PBXShellScriptBuildPhase;
			buildActionMask = 2147483647;
			files = (
			);
			inputPaths = (
			);
			name = "Check Pods Manifest.lock";
			outputPaths = (
			);
			runOnlyForDeploymentPostprocessing = 0;
			shellPath = /bin/sh;
			shellScript = "diff \"${PODS_ROOT}/../Podfile.lock\" \"${PODS_ROOT}/Manifest.lock\" > /dev/null\nif [[ $? != 0 ]] ; then\n    cat << EOM\nerror: The sandbox is not in sync with the Podfile.lock. Run 'pod install' or update your CocoaPods installation.\nEOM\n    exit 1\nfi\n";
			showEnvVarsInLog = 0;
		};
		D7498086DD89ECEE54B11C24 /* Embed Pods Frameworks */ = {
			isa = PBXShellScriptBuildPhase;
			buildActionMask = 2147483647;
			files = (
			);
			inputPaths = (
			);
			name = "Embed Pods Frameworks";
			outputPaths = (
			);
			runOnlyForDeploymentPostprocessing = 0;
			shellPath = /bin/sh;
			shellScript = "\"${SRCROOT}/Pods/Target Support Files/Pods/Pods-frameworks.sh\"\n";
			showEnvVarsInLog = 0;
		};
/* End PBXShellScriptBuildPhase section */

/* Begin PBXSourcesBuildPhase section */
		6379F54B1D1B9B9A0094ED24 /* Sources */ = {
			isa = PBXSourcesBuildPhase;
			buildActionMask = 2147483647;
			files = (
				6379F5571D1B9B9A0094ED24 /* DPRAppDelegate.m in Sources */,
				634C3BD11DD94CA4001C6D5C /* DPRChartHelper.m in Sources */,
				63C551141DC2E54A006B984F /* XYMarkerView.swift in Sources */,
				63C2DE5C1DC2B334009F64F8 /* DPRMonthsDetailsTableViewCell.m in Sources */,
				6379F5541D1B9B9A0094ED24 /* main.m in Sources */,
				630AAF3C1DC2CE0B0031BACD /* BalloonMarker.swift in Sources */,
				636326321D2A1BC8001CA480 /* DPRTarget.m in Sources */,
				634C3BD91DD95D9E001C6D5C /* UIFont+CustomFonts.m in Sources */,
				63C2DE561DC27B80009F64F8 /* DPRMonthsNetIncomeVC.m in Sources */,
				63C765E71DBEEC6A005D55F6 /* DPRFriendsExpendituresVC.m in Sources */,
				6363261A1D289679001CA480 /* DPRTransactionSingleton.m in Sources */,
				6379F5911D1B9DA80094ED24 /* UIColor+CustomColors.m in Sources */,
				63811E631DC42673008C5874 /* DPRSettingsTVC.m in Sources */,
				63782FB91D231BD9003410D3 /* DPRUser+CoreDataProperties.m in Sources */,
				63782FAE1D220919003410D3 /* DPRCoreDataHelper.m in Sources */,
				6379F5A11D1BA48A0094ED24 /* DPRDashboardVC.m in Sources */,
				6379F5971D1B9E610094ED24 /* DPRWalkthroughVC.m in Sources */,
				636326311D2A1BC8001CA480 /* DPRTarget+CoreDataProperties.m in Sources */,
				63C2DE4D1DC17A2D009F64F8 /* DPRMonthsExpendituresVC.m in Sources */,
				63782FC01D24AABC003410D3 /* DPRTransactionTableViewCell.m in Sources */,
				6379F5A71D1BA4D10094ED24 /* DPRTransactionsVC.m in Sources */,
				6379F58E1D1B9CA40094ED24 /* DPRVenmoHelper.m in Sources */,
				632085F71DC0204500F64794 /* DPRFriendsNetIncomeVC.m in Sources */,
				63782FBA1D231BD9003410D3 /* DPRUser.m in Sources */,
				63811E691DC69157008C5874 /* DPRInformationVC.m in Sources */,
				63C765E41DBEAD09005D55F6 /* DPRFriendsListTableViewCell.m in Sources */,
				635F85CE1DBAE3E1006C3CC6 /* DPRDashboardTableViewCell.m in Sources */,
				63C765E11DBEAC6A005D55F6 /* DPRFriendsListTVC.m in Sources */,
				63811E6C1DC695E9008C5874 /* DPRContentHelper.m in Sources */,
				636326381D2A1EB6001CA480 /* DPRTransaction.m in Sources */,
				6324666D1D1CA5FD00512931 /* DPRUIHelper.m in Sources */,
				636326371D2A1EB6001CA480 /* DPRTransaction+CoreDataProperties.m in Sources */,
				6379F5601D1B9B9A0094ED24 /* Lily.xcdatamodeld in Sources */,
				63C2DE591DC2B2CA009F64F8 /* DPRMonthsDetailsTVC.m in Sources */,
				63811E661DC42717008C5874 /* DPRSettingsTableViewCell.m in Sources */,
			);
			runOnlyForDeploymentPostprocessing = 0;
		};
		6379F5671D1B9B9A0094ED24 /* Sources */ = {
			isa = PBXSourcesBuildPhase;
			buildActionMask = 2147483647;
			files = (
				6379F5701D1B9B9A0094ED24 /* LilyTests.m in Sources */,
			);
			runOnlyForDeploymentPostprocessing = 0;
		};
		6379F5721D1B9B9A0094ED24 /* Sources */ = {
			isa = PBXSourcesBuildPhase;
			buildActionMask = 2147483647;
			files = (
				6379F57B1D1B9B9A0094ED24 /* LilyUITests.m in Sources */,
			);
			runOnlyForDeploymentPostprocessing = 0;
		};
/* End PBXSourcesBuildPhase section */

/* Begin PBXTargetDependency section */
		6379F56D1D1B9B9A0094ED24 /* PBXTargetDependency */ = {
			isa = PBXTargetDependency;
			target = 6379F54E1D1B9B9A0094ED24 /* Lily */;
			targetProxy = 6379F56C1D1B9B9A0094ED24 /* PBXContainerItemProxy */;
		};
		6379F5781D1B9B9A0094ED24 /* PBXTargetDependency */ = {
			isa = PBXTargetDependency;
			target = 6379F54E1D1B9B9A0094ED24 /* Lily */;
			targetProxy = 6379F5771D1B9B9A0094ED24 /* PBXContainerItemProxy */;
		};
/* End PBXTargetDependency section */

/* Begin PBXVariantGroup section */
		6379F55B1D1B9B9A0094ED24 /* Main.storyboard */ = {
			isa = PBXVariantGroup;
			children = (
				6379F55C1D1B9B9A0094ED24 /* Base */,
			);
			name = Main.storyboard;
			sourceTree = "<group>";
		};
		6379F5631D1B9B9A0094ED24 /* LaunchScreen.storyboard */ = {
			isa = PBXVariantGroup;
			children = (
				6379F5641D1B9B9A0094ED24 /* Base */,
			);
			name = LaunchScreen.storyboard;
			sourceTree = "<group>";
		};
/* End PBXVariantGroup section */

/* Begin XCBuildConfiguration section */
		6379F57D1D1B9B9A0094ED24 /* Debug */ = {
			isa = XCBuildConfiguration;
			buildSettings = {
				ALWAYS_SEARCH_USER_PATHS = NO;
				CLANG_ANALYZER_NONNULL = YES;
				CLANG_CXX_LANGUAGE_STANDARD = "gnu++0x";
				CLANG_CXX_LIBRARY = "libc++";
				CLANG_ENABLE_MODULES = YES;
				CLANG_ENABLE_OBJC_ARC = YES;
				CLANG_WARN_BOOL_CONVERSION = YES;
				CLANG_WARN_CONSTANT_CONVERSION = YES;
				CLANG_WARN_DIRECT_OBJC_ISA_USAGE = YES_ERROR;
				CLANG_WARN_EMPTY_BODY = YES;
				CLANG_WARN_ENUM_CONVERSION = YES;
				CLANG_WARN_INFINITE_RECURSION = YES;
				CLANG_WARN_INT_CONVERSION = YES;
				CLANG_WARN_OBJC_ROOT_CLASS = YES_ERROR;
				CLANG_WARN_SUSPICIOUS_MOVE = YES;
				CLANG_WARN_UNREACHABLE_CODE = YES;
				CLANG_WARN__DUPLICATE_METHOD_MATCH = YES;
				"CODE_SIGN_IDENTITY[sdk=iphoneos*]" = "iPhone Developer";
				COPY_PHASE_STRIP = NO;
				DEBUG_INFORMATION_FORMAT = dwarf;
				DEFINES_MODULE = YES;
				ENABLE_STRICT_OBJC_MSGSEND = YES;
				ENABLE_TESTABILITY = YES;
				GCC_C_LANGUAGE_STANDARD = gnu99;
				GCC_DYNAMIC_NO_PIC = NO;
				GCC_NO_COMMON_BLOCKS = YES;
				GCC_OPTIMIZATION_LEVEL = 0;
				GCC_PREPROCESSOR_DEFINITIONS = (
					"DEBUG=1",
					"$(inherited)",
				);
				GCC_WARN_64_TO_32_BIT_CONVERSION = YES;
				GCC_WARN_ABOUT_RETURN_TYPE = YES_ERROR;
				GCC_WARN_UNDECLARED_SELECTOR = YES;
				GCC_WARN_UNINITIALIZED_AUTOS = YES_AGGRESSIVE;
				GCC_WARN_UNUSED_FUNCTION = YES;
				GCC_WARN_UNUSED_VARIABLE = YES;
				IPHONEOS_DEPLOYMENT_TARGET = 9.3;
				MTL_ENABLE_DEBUG_INFO = YES;
				ONLY_ACTIVE_ARCH = YES;
				SDKROOT = iphoneos;
			};
			name = Debug;
		};
		6379F57E1D1B9B9A0094ED24 /* Release */ = {
			isa = XCBuildConfiguration;
			buildSettings = {
				ALWAYS_SEARCH_USER_PATHS = NO;
				CLANG_ANALYZER_NONNULL = YES;
				CLANG_CXX_LANGUAGE_STANDARD = "gnu++0x";
				CLANG_CXX_LIBRARY = "libc++";
				CLANG_ENABLE_MODULES = YES;
				CLANG_ENABLE_OBJC_ARC = YES;
				CLANG_WARN_BOOL_CONVERSION = YES;
				CLANG_WARN_CONSTANT_CONVERSION = YES;
				CLANG_WARN_DIRECT_OBJC_ISA_USAGE = YES_ERROR;
				CLANG_WARN_EMPTY_BODY = YES;
				CLANG_WARN_ENUM_CONVERSION = YES;
				CLANG_WARN_INFINITE_RECURSION = YES;
				CLANG_WARN_INT_CONVERSION = YES;
				CLANG_WARN_OBJC_ROOT_CLASS = YES_ERROR;
				CLANG_WARN_SUSPICIOUS_MOVE = YES;
				CLANG_WARN_UNREACHABLE_CODE = YES;
				CLANG_WARN__DUPLICATE_METHOD_MATCH = YES;
				"CODE_SIGN_IDENTITY[sdk=iphoneos*]" = "iPhone Developer";
				COPY_PHASE_STRIP = NO;
				DEBUG_INFORMATION_FORMAT = "dwarf-with-dsym";
				DEFINES_MODULE = YES;
				ENABLE_NS_ASSERTIONS = NO;
				ENABLE_STRICT_OBJC_MSGSEND = YES;
				GCC_C_LANGUAGE_STANDARD = gnu99;
				GCC_NO_COMMON_BLOCKS = YES;
				GCC_WARN_64_TO_32_BIT_CONVERSION = YES;
				GCC_WARN_ABOUT_RETURN_TYPE = YES_ERROR;
				GCC_WARN_UNDECLARED_SELECTOR = YES;
				GCC_WARN_UNINITIALIZED_AUTOS = YES_AGGRESSIVE;
				GCC_WARN_UNUSED_FUNCTION = YES;
				GCC_WARN_UNUSED_VARIABLE = YES;
				IPHONEOS_DEPLOYMENT_TARGET = 9.3;
				MTL_ENABLE_DEBUG_INFO = NO;
				SDKROOT = iphoneos;
				SWIFT_OPTIMIZATION_LEVEL = "-Owholemodule";
				VALIDATE_PRODUCT = YES;
			};
			name = Release;
		};
		6379F5801D1B9B9A0094ED24 /* Debug */ = {
			isa = XCBuildConfiguration;
			baseConfigurationReference = 2EFB452003D621F7CCF38BB5 /* Pods.debug.xcconfig */;
			buildSettings = {
				ALWAYS_EMBED_SWIFT_STANDARD_LIBRARIES = YES;
				ASSETCATALOG_COMPILER_APPICON_NAME = AppIcon;
				CLANG_ENABLE_MODULES = YES;
				DEFINES_MODULE = NO;
				DEVELOPMENT_TEAM = VMJMB92Y2W;
				ENABLE_BITCODE = YES;
				INFOPLIST_FILE = Lily/Info.plist;
				LD_RUNPATH_SEARCH_PATHS = "$(inherited) @executable_path/Frameworks";
				PRODUCT_BUNDLE_IDENTIFIER = edu.usc.Lily;
				PRODUCT_NAME = "$(TARGET_NAME)";
				SWIFT_OBJC_BRIDGING_HEADER = "Lily/Lily-Bridging-Header.h";
				SWIFT_OBJC_INTERFACE_HEADER_NAME = "$(SWIFT_MODULE_NAME)-Bridging-Header.h";
				SWIFT_OPTIMIZATION_LEVEL = "-Onone";
				SWIFT_VERSION = 3.0;
			};
			name = Debug;
		};
		6379F5811D1B9B9A0094ED24 /* Release */ = {
			isa = XCBuildConfiguration;
			baseConfigurationReference = 95A1E323D74501F6C791D91E /* Pods.release.xcconfig */;
			buildSettings = {
				ALWAYS_EMBED_SWIFT_STANDARD_LIBRARIES = YES;
				ASSETCATALOG_COMPILER_APPICON_NAME = AppIcon;
				CLANG_ENABLE_MODULES = YES;
				DEFINES_MODULE = NO;
				DEVELOPMENT_TEAM = VMJMB92Y2W;
				ENABLE_BITCODE = YES;
				INFOPLIST_FILE = Lily/Info.plist;
				LD_RUNPATH_SEARCH_PATHS = "$(inherited) @executable_path/Frameworks";
				PRODUCT_BUNDLE_IDENTIFIER = edu.usc.Lily;
				PRODUCT_NAME = "$(TARGET_NAME)";
				SWIFT_OBJC_BRIDGING_HEADER = "Lily/Lily-Bridging-Header.h";
				SWIFT_OBJC_INTERFACE_HEADER_NAME = "$(SWIFT_MODULE_NAME)-Bridging-Header.h";
				SWIFT_VERSION = 3.0;
			};
			name = Release;
		};
		6379F5831D1B9B9A0094ED24 /* Debug */ = {
			isa = XCBuildConfiguration;
			buildSettings = {
				ALWAYS_EMBED_SWIFT_STANDARD_LIBRARIES = YES;
				BUNDLE_LOADER = "$(TEST_HOST)";
				INFOPLIST_FILE = LilyTests/Info.plist;
				LD_RUNPATH_SEARCH_PATHS = "$(inherited) @executable_path/Frameworks @loader_path/Frameworks";
				PRODUCT_BUNDLE_IDENTIFIER = edu.usc.LilyTests;
				PRODUCT_NAME = "$(TARGET_NAME)";
				SWIFT_VERSION = 3.0;
				TEST_HOST = "$(BUILT_PRODUCTS_DIR)/Lily.app/Lily";
			};
			name = Debug;
		};
		6379F5841D1B9B9A0094ED24 /* Release */ = {
			isa = XCBuildConfiguration;
			buildSettings = {
				ALWAYS_EMBED_SWIFT_STANDARD_LIBRARIES = YES;
				BUNDLE_LOADER = "$(TEST_HOST)";
				INFOPLIST_FILE = LilyTests/Info.plist;
				LD_RUNPATH_SEARCH_PATHS = "$(inherited) @executable_path/Frameworks @loader_path/Frameworks";
				PRODUCT_BUNDLE_IDENTIFIER = edu.usc.LilyTests;
				PRODUCT_NAME = "$(TARGET_NAME)";
				SWIFT_VERSION = 3.0;
				TEST_HOST = "$(BUILT_PRODUCTS_DIR)/Lily.app/Lily";
			};
			name = Release;
		};
		6379F5861D1B9B9A0094ED24 /* Debug */ = {
			isa = XCBuildConfiguration;
			buildSettings = {
				ALWAYS_EMBED_SWIFT_STANDARD_LIBRARIES = YES;
				INFOPLIST_FILE = LilyUITests/Info.plist;
				LD_RUNPATH_SEARCH_PATHS = "$(inherited) @executable_path/Frameworks @loader_path/Frameworks";
				PRODUCT_BUNDLE_IDENTIFIER = edu.usc.LilyUITests;
				PRODUCT_NAME = "$(TARGET_NAME)";
				SWIFT_VERSION = 3.0;
				TEST_TARGET_NAME = Lily;
			};
			name = Debug;
		};
		6379F5871D1B9B9A0094ED24 /* Release */ = {
			isa = XCBuildConfiguration;
			buildSettings = {
				ALWAYS_EMBED_SWIFT_STANDARD_LIBRARIES = YES;
				INFOPLIST_FILE = LilyUITests/Info.plist;
				LD_RUNPATH_SEARCH_PATHS = "$(inherited) @executable_path/Frameworks @loader_path/Frameworks";
				PRODUCT_BUNDLE_IDENTIFIER = edu.usc.LilyUITests;
				PRODUCT_NAME = "$(TARGET_NAME)";
				SWIFT_VERSION = 3.0;
				TEST_TARGET_NAME = Lily;
			};
			name = Release;
		};
/* End XCBuildConfiguration section */

/* Begin XCConfigurationList section */
		6379F54A1D1B9B9A0094ED24 /* Build configuration list for PBXProject "Lily" */ = {
			isa = XCConfigurationList;
			buildConfigurations = (
				6379F57D1D1B9B9A0094ED24 /* Debug */,
				6379F57E1D1B9B9A0094ED24 /* Release */,
			);
			defaultConfigurationIsVisible = 0;
			defaultConfigurationName = Release;
		};
		6379F57F1D1B9B9A0094ED24 /* Build configuration list for PBXNativeTarget "Lily" */ = {
			isa = XCConfigurationList;
			buildConfigurations = (
				6379F5801D1B9B9A0094ED24 /* Debug */,
				6379F5811D1B9B9A0094ED24 /* Release */,
			);
			defaultConfigurationIsVisible = 0;
			defaultConfigurationName = Release;
		};
		6379F5821D1B9B9A0094ED24 /* Build configuration list for PBXNativeTarget "LilyTests" */ = {
			isa = XCConfigurationList;
			buildConfigurations = (
				6379F5831D1B9B9A0094ED24 /* Debug */,
				6379F5841D1B9B9A0094ED24 /* Release */,
			);
			defaultConfigurationIsVisible = 0;
			defaultConfigurationName = Release;
		};
		6379F5851D1B9B9A0094ED24 /* Build configuration list for PBXNativeTarget "LilyUITests" */ = {
			isa = XCConfigurationList;
			buildConfigurations = (
				6379F5861D1B9B9A0094ED24 /* Debug */,
				6379F5871D1B9B9A0094ED24 /* Release */,
			);
			defaultConfigurationIsVisible = 0;
			defaultConfigurationName = Release;
		};
/* End XCConfigurationList section */

/* Begin XCVersionGroup section */
		6379F55E1D1B9B9A0094ED24 /* Lily.xcdatamodeld */ = {
			isa = XCVersionGroup;
			children = (
				6379F55F1D1B9B9A0094ED24 /* Lily.xcdatamodel */,
			);
			currentVersion = 6379F55F1D1B9B9A0094ED24 /* Lily.xcdatamodel */;
			path = Lily.xcdatamodeld;
			sourceTree = "<group>";
			versionGroupType = wrapper.xcdatamodel;
		};
/* End XCVersionGroup section */
	};
	rootObject = 6379F5471D1B9B9A0094ED24 /* Project object */;
}
