// !$*UTF8*$!
{
	archiveVersion = 1;
	classes = {
	};
	objectVersion = 46;
	objects = {

/* Begin PBXBuildFile section */
		6324666D1D1CA5FD00512931 /* DPRUIHelper.m in Sources */ = {isa = PBXBuildFile; fileRef = 6324666C1D1CA5FD00512931 /* DPRUIHelper.m */; };
		63782FAE1D220919003410D3 /* DPRCoreDataHelper.m in Sources */ = {isa = PBXBuildFile; fileRef = 63782FAD1D220919003410D3 /* DPRCoreDataHelper.m */; };
		63782FB71D231BD9003410D3 /* DPRTransaction+CoreDataProperties.m in Sources */ = {isa = PBXBuildFile; fileRef = 63782FB01D231BD9003410D3 /* DPRTransaction+CoreDataProperties.m */; };
		63782FB81D231BD9003410D3 /* DPRTransaction.m in Sources */ = {isa = PBXBuildFile; fileRef = 63782FB21D231BD9003410D3 /* DPRTransaction.m */; };
		63782FB91D231BD9003410D3 /* DPRUser+CoreDataProperties.m in Sources */ = {isa = PBXBuildFile; fileRef = 63782FB41D231BD9003410D3 /* DPRUser+CoreDataProperties.m */; };
		63782FBA1D231BD9003410D3 /* DPRUser.m in Sources */ = {isa = PBXBuildFile; fileRef = 63782FB61D231BD9003410D3 /* DPRUser.m */; };
		63782FBD1D231D00003410D3 /* DPRImageTansformer.m in Sources */ = {isa = PBXBuildFile; fileRef = 63782FBC1D231D00003410D3 /* DPRImageTansformer.m */; };
		63782FC01D24AABC003410D3 /* DPRTransactionTableViewCell.m in Sources */ = {isa = PBXBuildFile; fileRef = 63782FBF1D24AABC003410D3 /* DPRTransactionTableViewCell.m */; };
		6379F5541D1B9B9A0094ED24 /* main.m in Sources */ = {isa = PBXBuildFile; fileRef = 6379F5531D1B9B9A0094ED24 /* main.m */; };
		6379F5571D1B9B9A0094ED24 /* DPRAppDelegate.m in Sources */ = {isa = PBXBuildFile; fileRef = 6379F5561D1B9B9A0094ED24 /* DPRAppDelegate.m */; };
		6379F55D1D1B9B9A0094ED24 /* Main.storyboard in Resources */ = {isa = PBXBuildFile; fileRef = 6379F55B1D1B9B9A0094ED24 /* Main.storyboard */; };
		6379F5601D1B9B9A0094ED24 /* Lily.xcdatamodeld in Sources */ = {isa = PBXBuildFile; fileRef = 6379F55E1D1B9B9A0094ED24 /* Lily.xcdatamodeld */; };
		6379F5621D1B9B9A0094ED24 /* Assets.xcassets in Resources */ = {isa = PBXBuildFile; fileRef = 6379F5611D1B9B9A0094ED24 /* Assets.xcassets */; };
		6379F5651D1B9B9A0094ED24 /* LaunchScreen.storyboard in Resources */ = {isa = PBXBuildFile; fileRef = 6379F5631D1B9B9A0094ED24 /* LaunchScreen.storyboard */; };
		6379F5701D1B9B9A0094ED24 /* LilyTests.m in Sources */ = {isa = PBXBuildFile; fileRef = 6379F56F1D1B9B9A0094ED24 /* LilyTests.m */; };
		6379F57B1D1B9B9A0094ED24 /* LilyUITests.m in Sources */ = {isa = PBXBuildFile; fileRef = 6379F57A1D1B9B9A0094ED24 /* LilyUITests.m */; };
		6379F58E1D1B9CA40094ED24 /* DPRVenmoHelper.m in Sources */ = {isa = PBXBuildFile; fileRef = 6379F58D1D1B9CA40094ED24 /* DPRVenmoHelper.m */; };
		6379F5911D1B9DA80094ED24 /* UIColor+CustomColors.m in Sources */ = {isa = PBXBuildFile; fileRef = 6379F5901D1B9DA80094ED24 /* UIColor+CustomColors.m */; };
		6379F5971D1B9E610094ED24 /* DPRWalkthroughVC.m in Sources */ = {isa = PBXBuildFile; fileRef = 6379F5961D1B9E610094ED24 /* DPRWalkthroughVC.m */; };
		6379F59A1D1BA4450094ED24 /* DPRTabBarController.m in Sources */ = {isa = PBXBuildFile; fileRef = 6379F5991D1BA4450094ED24 /* DPRTabBarController.m */; };
		6379F59E1D1BA47F0094ED24 /* DPRDashboardVC.m in Sources */ = {isa = PBXBuildFile; fileRef = 6379F59D1D1BA47F0094ED24 /* DPRDashboardVC.m */; };
		6379F5A11D1BA48A0094ED24 /* DPRGraphsVC.m in Sources */ = {isa = PBXBuildFile; fileRef = 6379F5A01D1BA48A0094ED24 /* DPRGraphsVC.m */; };
		6379F5A71D1BA4D10094ED24 /* DPRTransactionsVC.m in Sources */ = {isa = PBXBuildFile; fileRef = 6379F5A61D1BA4D10094ED24 /* DPRTransactionsVC.m */; };
		6379F5B91D1BA8DC0094ED24 /* bg1@2x.png in Resources */ = {isa = PBXBuildFile; fileRef = 6379F5A91D1BA8DC0094ED24 /* bg1@2x.png */; };
		6379F5BA1D1BA8DC0094ED24 /* bg2@2x.png in Resources */ = {isa = PBXBuildFile; fileRef = 6379F5AA1D1BA8DC0094ED24 /* bg2@2x.png */; };
		6379F5BB1D1BA8DC0094ED24 /* bg3@2x.png in Resources */ = {isa = PBXBuildFile; fileRef = 6379F5AB1D1BA8DC0094ED24 /* bg3@2x.png */; };
		6379F5BC1D1BA8DC0094ED24 /* bg4@2x.png in Resources */ = {isa = PBXBuildFile; fileRef = 6379F5AC1D1BA8DC0094ED24 /* bg4@2x.png */; };
		6379F5BD1D1BA8DC0094ED24 /* bigLogo@2x.png in Resources */ = {isa = PBXBuildFile; fileRef = 6379F5AD1D1BA8DC0094ED24 /* bigLogo@2x.png */; };
		6379F5BE1D1BA8DC0094ED24 /* icon1@2x.png in Resources */ = {isa = PBXBuildFile; fileRef = 6379F5AE1D1BA8DC0094ED24 /* icon1@2x.png */; };
		6379F5BF1D1BA8DC0094ED24 /* icon2@2x.png in Resources */ = {isa = PBXBuildFile; fileRef = 6379F5AF1D1BA8DC0094ED24 /* icon2@2x.png */; };
		6379F5C01D1BA8DC0094ED24 /* icon3@2x.png in Resources */ = {isa = PBXBuildFile; fileRef = 6379F5B01D1BA8DC0094ED24 /* icon3@2x.png */; };
		6379F5C11D1BA8DC0094ED24 /* Logo@larger.png in Resources */ = {isa = PBXBuildFile; fileRef = 6379F5B11D1BA8DC0094ED24 /* Logo@larger.png */; };
		6379F5C21D1BA8DC0094ED24 /* pageDot.png in Resources */ = {isa = PBXBuildFile; fileRef = 6379F5B21D1BA8DC0094ED24 /* pageDot.png */; };
		6379F5C31D1BA8DC0094ED24 /* pageDot@2x.png in Resources */ = {isa = PBXBuildFile; fileRef = 6379F5B31D1BA8DC0094ED24 /* pageDot@2x.png */; };
		6379F5C41D1BA8DC0094ED24 /* skipButton@2x.png in Resources */ = {isa = PBXBuildFile; fileRef = 6379F5B41D1BA8DC0094ED24 /* skipButton@2x.png */; };
		6379F5C51D1BA8DC0094ED24 /* title1@2x.png in Resources */ = {isa = PBXBuildFile; fileRef = 6379F5B51D1BA8DC0094ED24 /* title1@2x.png */; };
		6379F5C61D1BA8DC0094ED24 /* title2@2x.png in Resources */ = {isa = PBXBuildFile; fileRef = 6379F5B61D1BA8DC0094ED24 /* title2@2x.png */; };
		6379F5C71D1BA8DC0094ED24 /* title3@2x.png in Resources */ = {isa = PBXBuildFile; fileRef = 6379F5B71D1BA8DC0094ED24 /* title3@2x.png */; };
		6379F5C81D1BA8DC0094ED24 /* title4@2x.png in Resources */ = {isa = PBXBuildFile; fileRef = 6379F5B81D1BA8DC0094ED24 /* title4@2x.png */; };
		6379F5CC1D1CA23E0094ED24 /* DPRProfileView.m in Sources */ = {isa = PBXBuildFile; fileRef = 6379F5CB1D1CA23E0094ED24 /* DPRProfileView.m */; };
		6379F5CF1D1CA2490094ED24 /* DPRBalanceView.m in Sources */ = {isa = PBXBuildFile; fileRef = 6379F5CE1D1CA2490094ED24 /* DPRBalanceView.m */; };
		6379F5D21D1CA2550094ED24 /* DPRTransactionsView.m in Sources */ = {isa = PBXBuildFile; fileRef = 6379F5D11D1CA2550094ED24 /* DPRTransactionsView.m */; };
		6379F5D51D1CA2600094ED24 /* DPRCashFlowView.m in Sources */ = {isa = PBXBuildFile; fileRef = 6379F5D41D1CA2600094ED24 /* DPRCashFlowView.m */; };
		70D59C0F6BC0CCC449F29681 /* Pods.framework in Frameworks */ = {isa = PBXBuildFile; fileRef = 4F0C29715B4EBC41866695B6 /* Pods.framework */; };
/* End PBXBuildFile section */

/* Begin PBXContainerItemProxy section */
		6379F56C1D1B9B9A0094ED24 /* PBXContainerItemProxy */ = {
			isa = PBXContainerItemProxy;
			containerPortal = 6379F5471D1B9B9A0094ED24 /* Project object */;
			proxyType = 1;
			remoteGlobalIDString = 6379F54E1D1B9B9A0094ED24;
			remoteInfo = Lily;
		};
		6379F5771D1B9B9A0094ED24 /* PBXContainerItemProxy */ = {
			isa = PBXContainerItemProxy;
			containerPortal = 6379F5471D1B9B9A0094ED24 /* Project object */;
			proxyType = 1;
			remoteGlobalIDString = 6379F54E1D1B9B9A0094ED24;
			remoteInfo = Lily;
		};
/* End PBXContainerItemProxy section */

/* Begin PBXFileReference section */
		2EFB452003D621F7CCF38BB5 /* Pods.debug.xcconfig */ = {isa = PBXFileReference; includeInIndex = 1; lastKnownFileType = text.xcconfig; name = Pods.debug.xcconfig; path = "Pods/Target Support Files/Pods/Pods.debug.xcconfig"; sourceTree = "<group>"; };
		4F0C29715B4EBC41866695B6 /* Pods.framework */ = {isa = PBXFileReference; explicitFileType = wrapper.framework; includeInIndex = 0; path = Pods.framework; sourceTree = BUILT_PRODUCTS_DIR; };
		6324666B1D1CA5FD00512931 /* DPRUIHelper.h */ = {isa = PBXFileReference; fileEncoding = 4; lastKnownFileType = sourcecode.c.h; path = DPRUIHelper.h; sourceTree = "<group>"; };
		6324666C1D1CA5FD00512931 /* DPRUIHelper.m */ = {isa = PBXFileReference; fileEncoding = 4; lastKnownFileType = sourcecode.c.objc; path = DPRUIHelper.m; sourceTree = "<group>"; };
		63782FAC1D220919003410D3 /* DPRCoreDataHelper.h */ = {isa = PBXFileReference; fileEncoding = 4; lastKnownFileType = sourcecode.c.h; path = DPRCoreDataHelper.h; sourceTree = "<group>"; };
		63782FAD1D220919003410D3 /* DPRCoreDataHelper.m */ = {isa = PBXFileReference; fileEncoding = 4; lastKnownFileType = sourcecode.c.objc; path = DPRCoreDataHelper.m; sourceTree = "<group>"; };
		63782FAF1D231BD9003410D3 /* DPRTransaction+CoreDataProperties.h */ = {isa = PBXFileReference; fileEncoding = 4; lastKnownFileType = sourcecode.c.h; path = "DPRTransaction+CoreDataProperties.h"; sourceTree = "<group>"; };
		63782FB01D231BD9003410D3 /* DPRTransaction+CoreDataProperties.m */ = {isa = PBXFileReference; fileEncoding = 4; lastKnownFileType = sourcecode.c.objc; path = "DPRTransaction+CoreDataProperties.m"; sourceTree = "<group>"; };
		63782FB11D231BD9003410D3 /* DPRTransaction.h */ = {isa = PBXFileReference; fileEncoding = 4; lastKnownFileType = sourcecode.c.h; path = DPRTransaction.h; sourceTree = "<group>"; };
		63782FB21D231BD9003410D3 /* DPRTransaction.m */ = {isa = PBXFileReference; fileEncoding = 4; lastKnownFileType = sourcecode.c.objc; path = DPRTransaction.m; sourceTree = "<group>"; };
		63782FB31D231BD9003410D3 /* DPRUser+CoreDataProperties.h */ = {isa = PBXFileReference; fileEncoding = 4; lastKnownFileType = sourcecode.c.h; path = "DPRUser+CoreDataProperties.h"; sourceTree = "<group>"; };
		63782FB41D231BD9003410D3 /* DPRUser+CoreDataProperties.m */ = {isa = PBXFileReference; fileEncoding = 4; lastKnownFileType = sourcecode.c.objc; path = "DPRUser+CoreDataProperties.m"; sourceTree = "<group>"; };
		63782FB51D231BD9003410D3 /* DPRUser.h */ = {isa = PBXFileReference; fileEncoding = 4; lastKnownFileType = sourcecode.c.h; path = DPRUser.h; sourceTree = "<group>"; };
		63782FB61D231BD9003410D3 /* DPRUser.m */ = {isa = PBXFileReference; fileEncoding = 4; lastKnownFileType = sourcecode.c.objc; path = DPRUser.m; sourceTree = "<group>"; };
		63782FBB1D231D00003410D3 /* DPRImageTansformer.h */ = {isa = PBXFileReference; fileEncoding = 4; lastKnownFileType = sourcecode.c.h; path = DPRImageTansformer.h; sourceTree = "<group>"; };
		63782FBC1D231D00003410D3 /* DPRImageTansformer.m */ = {isa = PBXFileReference; fileEncoding = 4; lastKnownFileType = sourcecode.c.objc; path = DPRImageTansformer.m; sourceTree = "<group>"; };
		63782FBE1D24AABC003410D3 /* DPRTransactionTableViewCell.h */ = {isa = PBXFileReference; fileEncoding = 4; lastKnownFileType = sourcecode.c.h; path = DPRTransactionTableViewCell.h; sourceTree = "<group>"; };
		63782FBF1D24AABC003410D3 /* DPRTransactionTableViewCell.m */ = {isa = PBXFileReference; fileEncoding = 4; lastKnownFileType = sourcecode.c.objc; path = DPRTransactionTableViewCell.m; sourceTree = "<group>"; };
		6379F54F1D1B9B9A0094ED24 /* Lily.app */ = {isa = PBXFileReference; explicitFileType = wrapper.application; includeInIndex = 0; path = Lily.app; sourceTree = BUILT_PRODUCTS_DIR; };
		6379F5531D1B9B9A0094ED24 /* main.m */ = {isa = PBXFileReference; lastKnownFileType = sourcecode.c.objc; path = main.m; sourceTree = "<group>"; };
		6379F5551D1B9B9A0094ED24 /* DPRAppDelegate.h */ = {isa = PBXFileReference; lastKnownFileType = sourcecode.c.h; path = DPRAppDelegate.h; sourceTree = "<group>"; };
		6379F5561D1B9B9A0094ED24 /* DPRAppDelegate.m */ = {isa = PBXFileReference; lastKnownFileType = sourcecode.c.objc; path = DPRAppDelegate.m; sourceTree = "<group>"; };
		6379F55C1D1B9B9A0094ED24 /* Base */ = {isa = PBXFileReference; lastKnownFileType = file.storyboard; name = Base; path = Base.lproj/Main.storyboard; sourceTree = "<group>"; };
		6379F55F1D1B9B9A0094ED24 /* Lily.xcdatamodel */ = {isa = PBXFileReference; lastKnownFileType = wrapper.xcdatamodel; path = Lily.xcdatamodel; sourceTree = "<group>"; };
		6379F5611D1B9B9A0094ED24 /* Assets.xcassets */ = {isa = PBXFileReference; lastKnownFileType = folder.assetcatalog; path = Assets.xcassets; sourceTree = "<group>"; };
		6379F5641D1B9B9A0094ED24 /* Base */ = {isa = PBXFileReference; lastKnownFileType = file.storyboard; name = Base; path = Base.lproj/LaunchScreen.storyboard; sourceTree = "<group>"; };
		6379F5661D1B9B9A0094ED24 /* Info.plist */ = {isa = PBXFileReference; lastKnownFileType = text.plist.xml; path = Info.plist; sourceTree = "<group>"; };
		6379F56B1D1B9B9A0094ED24 /* LilyTests.xctest */ = {isa = PBXFileReference; explicitFileType = wrapper.cfbundle; includeInIndex = 0; path = LilyTests.xctest; sourceTree = BUILT_PRODUCTS_DIR; };
		6379F56F1D1B9B9A0094ED24 /* LilyTests.m */ = {isa = PBXFileReference; lastKnownFileType = sourcecode.c.objc; path = LilyTests.m; sourceTree = "<group>"; };
		6379F5711D1B9B9A0094ED24 /* Info.plist */ = {isa = PBXFileReference; lastKnownFileType = text.plist.xml; path = Info.plist; sourceTree = "<group>"; };
		6379F5761D1B9B9A0094ED24 /* LilyUITests.xctest */ = {isa = PBXFileReference; explicitFileType = wrapper.cfbundle; includeInIndex = 0; path = LilyUITests.xctest; sourceTree = BUILT_PRODUCTS_DIR; };
		6379F57A1D1B9B9A0094ED24 /* LilyUITests.m */ = {isa = PBXFileReference; lastKnownFileType = sourcecode.c.objc; path = LilyUITests.m; sourceTree = "<group>"; };
		6379F57C1D1B9B9A0094ED24 /* Info.plist */ = {isa = PBXFileReference; lastKnownFileType = text.plist.xml; path = Info.plist; sourceTree = "<group>"; };
		6379F58C1D1B9CA40094ED24 /* DPRVenmoHelper.h */ = {isa = PBXFileReference; fileEncoding = 4; lastKnownFileType = sourcecode.c.h; path = DPRVenmoHelper.h; sourceTree = "<group>"; };
		6379F58D1D1B9CA40094ED24 /* DPRVenmoHelper.m */ = {isa = PBXFileReference; fileEncoding = 4; lastKnownFileType = sourcecode.c.objc; path = DPRVenmoHelper.m; sourceTree = "<group>"; };
		6379F58F1D1B9DA80094ED24 /* UIColor+CustomColors.h */ = {isa = PBXFileReference; fileEncoding = 4; lastKnownFileType = sourcecode.c.h; path = "UIColor+CustomColors.h"; sourceTree = "<group>"; };
		6379F5901D1B9DA80094ED24 /* UIColor+CustomColors.m */ = {isa = PBXFileReference; fileEncoding = 4; lastKnownFileType = sourcecode.c.objc; path = "UIColor+CustomColors.m"; sourceTree = "<group>"; };
		6379F5951D1B9E610094ED24 /* DPRWalkthroughVC.h */ = {isa = PBXFileReference; fileEncoding = 4; lastKnownFileType = sourcecode.c.h; path = DPRWalkthroughVC.h; sourceTree = "<group>"; };
		6379F5961D1B9E610094ED24 /* DPRWalkthroughVC.m */ = {isa = PBXFileReference; fileEncoding = 4; lastKnownFileType = sourcecode.c.objc; path = DPRWalkthroughVC.m; sourceTree = "<group>"; };
		6379F5981D1BA4450094ED24 /* DPRTabBarController.h */ = {isa = PBXFileReference; fileEncoding = 4; lastKnownFileType = sourcecode.c.h; path = DPRTabBarController.h; sourceTree = "<group>"; };
		6379F5991D1BA4450094ED24 /* DPRTabBarController.m */ = {isa = PBXFileReference; fileEncoding = 4; lastKnownFileType = sourcecode.c.objc; path = DPRTabBarController.m; sourceTree = "<group>"; };
		6379F59C1D1BA47F0094ED24 /* DPRDashboardVC.h */ = {isa = PBXFileReference; fileEncoding = 4; lastKnownFileType = sourcecode.c.h; path = DPRDashboardVC.h; sourceTree = "<group>"; };
		6379F59D1D1BA47F0094ED24 /* DPRDashboardVC.m */ = {isa = PBXFileReference; fileEncoding = 4; lastKnownFileType = sourcecode.c.objc; path = DPRDashboardVC.m; sourceTree = "<group>"; };
		6379F59F1D1BA48A0094ED24 /* DPRGraphsVC.h */ = {isa = PBXFileReference; fileEncoding = 4; lastKnownFileType = sourcecode.c.h; path = DPRGraphsVC.h; sourceTree = "<group>"; };
		6379F5A01D1BA48A0094ED24 /* DPRGraphsVC.m */ = {isa = PBXFileReference; fileEncoding = 4; lastKnownFileType = sourcecode.c.objc; path = DPRGraphsVC.m; sourceTree = "<group>"; };
		6379F5A51D1BA4D10094ED24 /* DPRTransactionsVC.h */ = {isa = PBXFileReference; fileEncoding = 4; lastKnownFileType = sourcecode.c.h; path = DPRTransactionsVC.h; sourceTree = "<group>"; };
		6379F5A61D1BA4D10094ED24 /* DPRTransactionsVC.m */ = {isa = PBXFileReference; fileEncoding = 4; lastKnownFileType = sourcecode.c.objc; path = DPRTransactionsVC.m; sourceTree = "<group>"; };
		6379F5A91D1BA8DC0094ED24 /* bg1@2x.png */ = {isa = PBXFileReference; lastKnownFileType = image.png; path = "bg1@2x.png"; sourceTree = "<group>"; };
		6379F5AA1D1BA8DC0094ED24 /* bg2@2x.png */ = {isa = PBXFileReference; lastKnownFileType = image.png; path = "bg2@2x.png"; sourceTree = "<group>"; };
		6379F5AB1D1BA8DC0094ED24 /* bg3@2x.png */ = {isa = PBXFileReference; lastKnownFileType = image.png; path = "bg3@2x.png"; sourceTree = "<group>"; };
		6379F5AC1D1BA8DC0094ED24 /* bg4@2x.png */ = {isa = PBXFileReference; lastKnownFileType = image.png; path = "bg4@2x.png"; sourceTree = "<group>"; };
		6379F5AD1D1BA8DC0094ED24 /* bigLogo@2x.png */ = {isa = PBXFileReference; lastKnownFileType = image.png; path = "bigLogo@2x.png"; sourceTree = "<group>"; };
		6379F5AE1D1BA8DC0094ED24 /* icon1@2x.png */ = {isa = PBXFileReference; lastKnownFileType = image.png; path = "icon1@2x.png"; sourceTree = "<group>"; };
		6379F5AF1D1BA8DC0094ED24 /* icon2@2x.png */ = {isa = PBXFileReference; lastKnownFileType = image.png; path = "icon2@2x.png"; sourceTree = "<group>"; };
		6379F5B01D1BA8DC0094ED24 /* icon3@2x.png */ = {isa = PBXFileReference; lastKnownFileType = image.png; path = "icon3@2x.png"; sourceTree = "<group>"; };
		6379F5B11D1BA8DC0094ED24 /* Logo@larger.png */ = {isa = PBXFileReference; lastKnownFileType = image.png; path = "Logo@larger.png"; sourceTree = "<group>"; };
		6379F5B21D1BA8DC0094ED24 /* pageDot.png */ = {isa = PBXFileReference; lastKnownFileType = image.png; path = pageDot.png; sourceTree = "<group>"; };
		6379F5B31D1BA8DC0094ED24 /* pageDot@2x.png */ = {isa = PBXFileReference; lastKnownFileType = image.png; path = "pageDot@2x.png"; sourceTree = "<group>"; };
		6379F5B41D1BA8DC0094ED24 /* skipButton@2x.png */ = {isa = PBXFileReference; lastKnownFileType = image.png; path = "skipButton@2x.png"; sourceTree = "<group>"; };
		6379F5B51D1BA8DC0094ED24 /* title1@2x.png */ = {isa = PBXFileReference; lastKnownFileType = image.png; path = "title1@2x.png"; sourceTree = "<group>"; };
		6379F5B61D1BA8DC0094ED24 /* title2@2x.png */ = {isa = PBXFileReference; lastKnownFileType = image.png; path = "title2@2x.png"; sourceTree = "<group>"; };
		6379F5B71D1BA8DC0094ED24 /* title3@2x.png */ = {isa = PBXFileReference; lastKnownFileType = image.png; path = "title3@2x.png"; sourceTree = "<group>"; };
		6379F5B81D1BA8DC0094ED24 /* title4@2x.png */ = {isa = PBXFileReference; lastKnownFileType = image.png; path = "title4@2x.png"; sourceTree = "<group>"; };
		6379F5CA1D1CA23E0094ED24 /* DPRProfileView.h */ = {isa = PBXFileReference; fileEncoding = 4; lastKnownFileType = sourcecode.c.h; path = DPRProfileView.h; sourceTree = "<group>"; };
		6379F5CB1D1CA23E0094ED24 /* DPRProfileView.m */ = {isa = PBXFileReference; fileEncoding = 4; lastKnownFileType = sourcecode.c.objc; path = DPRProfileView.m; sourceTree = "<group>"; };
		6379F5CD1D1CA2490094ED24 /* DPRBalanceView.h */ = {isa = PBXFileReference; fileEncoding = 4; lastKnownFileType = sourcecode.c.h; path = DPRBalanceView.h; sourceTree = "<group>"; };
		6379F5CE1D1CA2490094ED24 /* DPRBalanceView.m */ = {isa = PBXFileReference; fileEncoding = 4; lastKnownFileType = sourcecode.c.objc; path = DPRBalanceView.m; sourceTree = "<group>"; };
		6379F5D01D1CA2550094ED24 /* DPRTransactionsView.h */ = {isa = PBXFileReference; fileEncoding = 4; lastKnownFileType = sourcecode.c.h; path = DPRTransactionsView.h; sourceTree = "<group>"; };
		6379F5D11D1CA2550094ED24 /* DPRTransactionsView.m */ = {isa = PBXFileReference; fileEncoding = 4; lastKnownFileType = sourcecode.c.objc; path = DPRTransactionsView.m; sourceTree = "<group>"; };
		6379F5D31D1CA2600094ED24 /* DPRCashFlowView.h */ = {isa = PBXFileReference; fileEncoding = 4; lastKnownFileType = sourcecode.c.h; path = DPRCashFlowView.h; sourceTree = "<group>"; };
		6379F5D41D1CA2600094ED24 /* DPRCashFlowView.m */ = {isa = PBXFileReference; fileEncoding = 4; lastKnownFileType = sourcecode.c.objc; path = DPRCashFlowView.m; sourceTree = "<group>"; };
		95A1E323D74501F6C791D91E /* Pods.release.xcconfig */ = {isa = PBXFileReference; includeInIndex = 1; lastKnownFileType = text.xcconfig; name = Pods.release.xcconfig; path = "Pods/Target Support Files/Pods/Pods.release.xcconfig"; sourceTree = "<group>"; };
/* End PBXFileReference section */

/* Begin PBXFrameworksBuildPhase section */
		6379F54C1D1B9B9A0094ED24 /* Frameworks */ = {
			isa = PBXFrameworksBuildPhase;
			buildActionMask = 2147483647;
			files = (
				70D59C0F6BC0CCC449F29681 /* Pods.framework in Frameworks */,
			);
			runOnlyForDeploymentPostprocessing = 0;
		};
		6379F5681D1B9B9A0094ED24 /* Frameworks */ = {
			isa = PBXFrameworksBuildPhase;
			buildActionMask = 2147483647;
			files = (
			);
			runOnlyForDeploymentPostprocessing = 0;
		};
		6379F5731D1B9B9A0094ED24 /* Frameworks */ = {
			isa = PBXFrameworksBuildPhase;
			buildActionMask = 2147483647;
			files = (
			);
			runOnlyForDeploymentPostprocessing = 0;
		};
/* End PBXFrameworksBuildPhase section */

/* Begin PBXGroup section */
		192B1E54A99871586F5024AB /* Pods */ = {
			isa = PBXGroup;
			children = (
				2EFB452003D621F7CCF38BB5 /* Pods.debug.xcconfig */,
				95A1E323D74501F6C791D91E /* Pods.release.xcconfig */,
			);
			name = Pods;
			sourceTree = "<group>";
		};
		63782FAB1D220393003410D3 /* Core Data */ = {
			isa = PBXGroup;
			children = (
				63782FAF1D231BD9003410D3 /* DPRTransaction+CoreDataProperties.h */,
				63782FB01D231BD9003410D3 /* DPRTransaction+CoreDataProperties.m */,
				63782FB31D231BD9003410D3 /* DPRUser+CoreDataProperties.h */,
				63782FB41D231BD9003410D3 /* DPRUser+CoreDataProperties.m */,
				63782FBB1D231D00003410D3 /* DPRImageTansformer.h */,
				63782FBC1D231D00003410D3 /* DPRImageTansformer.m */,
			);
			name = "Core Data";
			sourceTree = "<group>";
		};
		6379F5461D1B9B9A0094ED24 = {
			isa = PBXGroup;
			children = (
				6379F5511D1B9B9A0094ED24 /* Lily */,
				6379F56E1D1B9B9A0094ED24 /* LilyTests */,
				6379F5791D1B9B9A0094ED24 /* LilyUITests */,
				6379F5501D1B9B9A0094ED24 /* Products */,
				192B1E54A99871586F5024AB /* Pods */,
				838A64B0F802517F87F070CF /* Frameworks */,
			);
			sourceTree = "<group>";
		};
		6379F5501D1B9B9A0094ED24 /* Products */ = {
			isa = PBXGroup;
			children = (
				6379F54F1D1B9B9A0094ED24 /* Lily.app */,
				6379F56B1D1B9B9A0094ED24 /* LilyTests.xctest */,
				6379F5761D1B9B9A0094ED24 /* LilyUITests.xctest */,
			);
			name = Products;
			sourceTree = "<group>";
		};
		6379F5511D1B9B9A0094ED24 /* Lily */ = {
			isa = PBXGroup;
			children = (
				6379F5551D1B9B9A0094ED24 /* DPRAppDelegate.h */,
				6379F5561D1B9B9A0094ED24 /* DPRAppDelegate.m */,
				6379F5881D1B9C090094ED24 /* Model */,
				6379F5891D1B9C0E0094ED24 /* View */,
				6379F58A1D1B9C120094ED24 /* Controller */,
				6379F58B1D1B9C830094ED24 /* Helper */,
				6379F5521D1B9B9A0094ED24 /* Supporting Files */,
			);
			path = Lily;
			sourceTree = "<group>";
		};
		6379F5521D1B9B9A0094ED24 /* Supporting Files */ = {
			isa = PBXGroup;
			children = (
				6379F5A81D1BA8DC0094ED24 /* Intro */,
				6379F5611D1B9B9A0094ED24 /* Assets.xcassets */,
				6379F5631D1B9B9A0094ED24 /* LaunchScreen.storyboard */,
				6379F5661D1B9B9A0094ED24 /* Info.plist */,
				6379F55E1D1B9B9A0094ED24 /* Lily.xcdatamodeld */,
				6379F5531D1B9B9A0094ED24 /* main.m */,
				6379F58F1D1B9DA80094ED24 /* UIColor+CustomColors.h */,
				6379F5901D1B9DA80094ED24 /* UIColor+CustomColors.m */,
			);
			name = "Supporting Files";
			sourceTree = "<group>";
		};
		6379F56E1D1B9B9A0094ED24 /* LilyTests */ = {
			isa = PBXGroup;
			children = (
				6379F56F1D1B9B9A0094ED24 /* LilyTests.m */,
				6379F5711D1B9B9A0094ED24 /* Info.plist */,
			);
			path = LilyTests;
			sourceTree = "<group>";
		};
		6379F5791D1B9B9A0094ED24 /* LilyUITests */ = {
			isa = PBXGroup;
			children = (
				6379F57A1D1B9B9A0094ED24 /* LilyUITests.m */,
				6379F57C1D1B9B9A0094ED24 /* Info.plist */,
			);
			path = LilyUITests;
			sourceTree = "<group>";
		};
		6379F5881D1B9C090094ED24 /* Model */ = {
			isa = PBXGroup;
			children = (
				63782FB11D231BD9003410D3 /* DPRTransaction.h */,
				63782FB21D231BD9003410D3 /* DPRTransaction.m */,
				63782FB51D231BD9003410D3 /* DPRUser.h */,
				63782FB61D231BD9003410D3 /* DPRUser.m */,
				63782FAB1D220393003410D3 /* Core Data */,
			);
			name = Model;
			sourceTree = "<group>";
		};
		6379F5891D1B9C0E0094ED24 /* View */ = {
			isa = PBXGroup;
			children = (
				6379F55B1D1B9B9A0094ED24 /* Main.storyboard */,
				63782FBE1D24AABC003410D3 /* DPRTransactionTableViewCell.h */,
				63782FBF1D24AABC003410D3 /* DPRTransactionTableViewCell.m */,
			);
			name = View;
			sourceTree = "<group>";
		};
		6379F58A1D1B9C120094ED24 /* Controller */ = {
			isa = PBXGroup;
			children = (
				6379F5951D1B9E610094ED24 /* DPRWalkthroughVC.h */,
				6379F5961D1B9E610094ED24 /* DPRWalkthroughVC.m */,
				6379F5981D1BA4450094ED24 /* DPRTabBarController.h */,
				6379F5991D1BA4450094ED24 /* DPRTabBarController.m */,
				6379F59B1D1BA46E0094ED24 /* Tabs */,
			);
			name = Controller;
			sourceTree = "<group>";
		};
		6379F58B1D1B9C830094ED24 /* Helper */ = {
			isa = PBXGroup;
			children = (
				6379F58C1D1B9CA40094ED24 /* DPRVenmoHelper.h */,
				6379F58D1D1B9CA40094ED24 /* DPRVenmoHelper.m */,
				6324666B1D1CA5FD00512931 /* DPRUIHelper.h */,
				6324666C1D1CA5FD00512931 /* DPRUIHelper.m */,
				63782FAC1D220919003410D3 /* DPRCoreDataHelper.h */,
				63782FAD1D220919003410D3 /* DPRCoreDataHelper.m */,
			);
			name = Helper;
			sourceTree = "<group>";
		};
		6379F59B1D1BA46E0094ED24 /* Tabs */ = {
			isa = PBXGroup;
			children = (
				6379F5C91D1CA22C0094ED24 /* Views */,
				6379F59C1D1BA47F0094ED24 /* DPRDashboardVC.h */,
				6379F59D1D1BA47F0094ED24 /* DPRDashboardVC.m */,
				6379F59F1D1BA48A0094ED24 /* DPRGraphsVC.h */,
				6379F5A01D1BA48A0094ED24 /* DPRGraphsVC.m */,
				6379F5A51D1BA4D10094ED24 /* DPRTransactionsVC.h */,
				6379F5A61D1BA4D10094ED24 /* DPRTransactionsVC.m */,
			);
			name = Tabs;
			sourceTree = "<group>";
		};
		6379F5A81D1BA8DC0094ED24 /* Intro */ = {
			isa = PBXGroup;
			children = (
				6379F5A91D1BA8DC0094ED24 /* bg1@2x.png */,
				6379F5AA1D1BA8DC0094ED24 /* bg2@2x.png */,
				6379F5AB1D1BA8DC0094ED24 /* bg3@2x.png */,
				6379F5AC1D1BA8DC0094ED24 /* bg4@2x.png */,
				6379F5AD1D1BA8DC0094ED24 /* bigLogo@2x.png */,
				6379F5AE1D1BA8DC0094ED24 /* icon1@2x.png */,
				6379F5AF1D1BA8DC0094ED24 /* icon2@2x.png */,
				6379F5B01D1BA8DC0094ED24 /* icon3@2x.png */,
				6379F5B11D1BA8DC0094ED24 /* Logo@larger.png */,
				6379F5B21D1BA8DC0094ED24 /* pageDot.png */,
				6379F5B31D1BA8DC0094ED24 /* pageDot@2x.png */,
				6379F5B41D1BA8DC0094ED24 /* skipButton@2x.png */,
				6379F5B51D1BA8DC0094ED24 /* title1@2x.png */,
				6379F5B61D1BA8DC0094ED24 /* title2@2x.png */,
				6379F5B71D1BA8DC0094ED24 /* title3@2x.png */,
				6379F5B81D1BA8DC0094ED24 /* title4@2x.png */,
			);
			path = Intro;
			sourceTree = "<group>";
		};
		6379F5C91D1CA22C0094ED24 /* Views */ = {
			isa = PBXGroup;
			children = (
				6379F5CA1D1CA23E0094ED24 /* DPRProfileView.h */,
				6379F5CB1D1CA23E0094ED24 /* DPRProfileView.m */,
				6379F5CD1D1CA2490094ED24 /* DPRBalanceView.h */,
				6379F5CE1D1CA2490094ED24 /* DPRBalanceView.m */,
				6379F5D01D1CA2550094ED24 /* DPRTransactionsView.h */,
				6379F5D11D1CA2550094ED24 /* DPRTransactionsView.m */,
				6379F5D31D1CA2600094ED24 /* DPRCashFlowView.h */,
				6379F5D41D1CA2600094ED24 /* DPRCashFlowView.m */,
			);
			name = Views;
			sourceTree = "<group>";
		};
		838A64B0F802517F87F070CF /* Frameworks */ = {
			isa = PBXGroup;
			children = (
				4F0C29715B4EBC41866695B6 /* Pods.framework */,
			);
			name = Frameworks;
			sourceTree = "<group>";
		};
/* End PBXGroup section */

/* Begin PBXNativeTarget section */
		6379F54E1D1B9B9A0094ED24 /* Lily */ = {
			isa = PBXNativeTarget;
			buildConfigurationList = 6379F57F1D1B9B9A0094ED24 /* Build configuration list for PBXNativeTarget "Lily" */;
			buildPhases = (
				283CCF9A6ACD6E5E8C2740E5 /* Check Pods Manifest.lock */,
				6379F54B1D1B9B9A0094ED24 /* Sources */,
				6379F54C1D1B9B9A0094ED24 /* Frameworks */,
				6379F54D1D1B9B9A0094ED24 /* Resources */,
				D7498086DD89ECEE54B11C24 /* Embed Pods Frameworks */,
				23481F95F5F4421225D318DE /* Copy Pods Resources */,
			);
			buildRules = (
			);
			dependencies = (
			);
			name = Lily;
			productName = Lily;
			productReference = 6379F54F1D1B9B9A0094ED24 /* Lily.app */;
			productType = "com.apple.product-type.application";
		};
		6379F56A1D1B9B9A0094ED24 /* LilyTests */ = {
			isa = PBXNativeTarget;
			buildConfigurationList = 6379F5821D1B9B9A0094ED24 /* Build configuration list for PBXNativeTarget "LilyTests" */;
			buildPhases = (
				6379F5671D1B9B9A0094ED24 /* Sources */,
				6379F5681D1B9B9A0094ED24 /* Frameworks */,
				6379F5691D1B9B9A0094ED24 /* Resources */,
			);
			buildRules = (
			);
			dependencies = (
				6379F56D1D1B9B9A0094ED24 /* PBXTargetDependency */,
			);
			name = LilyTests;
			productName = LilyTests;
			productReference = 6379F56B1D1B9B9A0094ED24 /* LilyTests.xctest */;
			productType = "com.apple.product-type.bundle.unit-test";
		};
		6379F5751D1B9B9A0094ED24 /* LilyUITests */ = {
			isa = PBXNativeTarget;
			buildConfigurationList = 6379F5851D1B9B9A0094ED24 /* Build configuration list for PBXNativeTarget "LilyUITests" */;
			buildPhases = (
				6379F5721D1B9B9A0094ED24 /* Sources */,
				6379F5731D1B9B9A0094ED24 /* Frameworks */,
				6379F5741D1B9B9A0094ED24 /* Resources */,
			);
			buildRules = (
			);
			dependencies = (
				6379F5781D1B9B9A0094ED24 /* PBXTargetDependency */,
			);
			name = LilyUITests;
			productName = LilyUITests;
			productReference = 6379F5761D1B9B9A0094ED24 /* LilyUITests.xctest */;
			productType = "com.apple.product-type.bundle.ui-testing";
		};
/* End PBXNativeTarget section */

/* Begin PBXProject section */
		6379F5471D1B9B9A0094ED24 /* Project object */ = {
			isa = PBXProject;
			attributes = {
				LastUpgradeCheck = 0730;
				ORGANIZATIONNAME = "David Richardson";
				TargetAttributes = {
					6379F54E1D1B9B9A0094ED24 = {
						CreatedOnToolsVersion = 7.3;
					};
					6379F56A1D1B9B9A0094ED24 = {
						CreatedOnToolsVersion = 7.3;
						TestTargetID = 6379F54E1D1B9B9A0094ED24;
					};
					6379F5751D1B9B9A0094ED24 = {
						CreatedOnToolsVersion = 7.3;
						TestTargetID = 6379F54E1D1B9B9A0094ED24;
					};
				};
			};
			buildConfigurationList = 6379F54A1D1B9B9A0094ED24 /* Build configuration list for PBXProject "Lily" */;
			compatibilityVersion = "Xcode 3.2";
			developmentRegion = English;
			hasScannedForEncodings = 0;
			knownRegions = (
				en,
				Base,
			);
			mainGroup = 6379F5461D1B9B9A0094ED24;
			productRefGroup = 6379F5501D1B9B9A0094ED24 /* Products */;
			projectDirPath = "";
			projectRoot = "";
			targets = (
				6379F54E1D1B9B9A0094ED24 /* Lily */,
				6379F56A1D1B9B9A0094ED24 /* LilyTests */,
				6379F5751D1B9B9A0094ED24 /* LilyUITests */,
			);
		};
/* End PBXProject section */

/* Begin PBXResourcesBuildPhase section */
		6379F54D1D1B9B9A0094ED24 /* Resources */ = {
			isa = PBXResourcesBuildPhase;
			buildActionMask = 2147483647;
			files = (
				6379F5C21D1BA8DC0094ED24 /* pageDot.png in Resources */,
				6379F5C31D1BA8DC0094ED24 /* pageDot@2x.png in Resources */,
				6379F5C11D1BA8DC0094ED24 /* Logo@larger.png in Resources */,
				6379F5651D1B9B9A0094ED24 /* LaunchScreen.storyboard in Resources */,
				6379F5BC1D1BA8DC0094ED24 /* bg4@2x.png in Resources */,
				6379F5BB1D1BA8DC0094ED24 /* bg3@2x.png in Resources */,
				6379F5B91D1BA8DC0094ED24 /* bg1@2x.png in Resources */,
				6379F5BE1D1BA8DC0094ED24 /* icon1@2x.png in Resources */,
				6379F5621D1B9B9A0094ED24 /* Assets.xcassets in Resources */,
				6379F5C71D1BA8DC0094ED24 /* title3@2x.png in Resources */,
				6379F55D1D1B9B9A0094ED24 /* Main.storyboard in Resources */,
				6379F5C41D1BA8DC0094ED24 /* skipButton@2x.png in Resources */,
				6379F5BD1D1BA8DC0094ED24 /* bigLogo@2x.png in Resources */,
				6379F5C61D1BA8DC0094ED24 /* title2@2x.png in Resources */,
				6379F5C01D1BA8DC0094ED24 /* icon3@2x.png in Resources */,
				6379F5C51D1BA8DC0094ED24 /* title1@2x.png in Resources */,
				6379F5C81D1BA8DC0094ED24 /* title4@2x.png in Resources */,
				6379F5BF1D1BA8DC0094ED24 /* icon2@2x.png in Resources */,
				6379F5BA1D1BA8DC0094ED24 /* bg2@2x.png in Resources */,
			);
			runOnlyForDeploymentPostprocessing = 0;
		};
		6379F5691D1B9B9A0094ED24 /* Resources */ = {
			isa = PBXResourcesBuildPhase;
			buildActionMask = 2147483647;
			files = (
			);
			runOnlyForDeploymentPostprocessing = 0;
		};
		6379F5741D1B9B9A0094ED24 /* Resources */ = {
			isa = PBXResourcesBuildPhase;
			buildActionMask = 2147483647;
			files = (
			);
			runOnlyForDeploymentPostprocessing = 0;
		};
/* End PBXResourcesBuildPhase section */

/* Begin PBXShellScriptBuildPhase section */
		23481F95F5F4421225D318DE /* Copy Pods Resources */ = {
			isa = PBXShellScriptBuildPhase;
			buildActionMask = 2147483647;
			files = (
			);
			inputPaths = (
			);
			name = "Copy Pods Resources";
			outputPaths = (
			);
			runOnlyForDeploymentPostprocessing = 0;
			shellPath = /bin/sh;
			shellScript = "\"${SRCROOT}/Pods/Target Support Files/Pods/Pods-resources.sh\"\n";
			showEnvVarsInLog = 0;
		};
		283CCF9A6ACD6E5E8C2740E5 /* Check Pods Manifest.lock */ = {
			isa = PBXShellScriptBuildPhase;
			buildActionMask = 2147483647;
			files = (
			);
			inputPaths = (
			);
			name = "Check Pods Manifest.lock";
			outputPaths = (
			);
			runOnlyForDeploymentPostprocessing = 0;
			shellPath = /bin/sh;
			shellScript = "diff \"${PODS_ROOT}/../Podfile.lock\" \"${PODS_ROOT}/Manifest.lock\" > /dev/null\nif [[ $? != 0 ]] ; then\n    cat << EOM\nerror: The sandbox is not in sync with the Podfile.lock. Run 'pod install' or update your CocoaPods installation.\nEOM\n    exit 1\nfi\n";
			showEnvVarsInLog = 0;
		};
		D7498086DD89ECEE54B11C24 /* Embed Pods Frameworks */ = {
			isa = PBXShellScriptBuildPhase;
			buildActionMask = 2147483647;
			files = (
			);
			inputPaths = (
			);
			name = "Embed Pods Frameworks";
			outputPaths = (
			);
			runOnlyForDeploymentPostprocessing = 0;
			shellPath = /bin/sh;
			shellScript = "\"${SRCROOT}/Pods/Target Support Files/Pods/Pods-frameworks.sh\"\n";
			showEnvVarsInLog = 0;
		};
/* End PBXShellScriptBuildPhase section */

/* Begin PBXSourcesBuildPhase section */
		6379F54B1D1B9B9A0094ED24 /* Sources */ = {
			isa = PBXSourcesBuildPhase;
			buildActionMask = 2147483647;
			files = (
				6379F5571D1B9B9A0094ED24 /* DPRAppDelegate.m in Sources */,
				6379F5541D1B9B9A0094ED24 /* main.m in Sources */,
				6379F59E1D1BA47F0094ED24 /* DPRDashboardVC.m in Sources */,
				63782FB71D231BD9003410D3 /* DPRTransaction+CoreDataProperties.m in Sources */,
				6379F5911D1B9DA80094ED24 /* UIColor+CustomColors.m in Sources */,
				63782FB91D231BD9003410D3 /* DPRUser+CoreDataProperties.m in Sources */,
				63782FAE1D220919003410D3 /* DPRCoreDataHelper.m in Sources */,
				6379F5A11D1BA48A0094ED24 /* DPRGraphsVC.m in Sources */,
				6379F5971D1B9E610094ED24 /* DPRWalkthroughVC.m in Sources */,
				63782FC01D24AABC003410D3 /* DPRTransactionTableViewCell.m in Sources */,
				6379F5A71D1BA4D10094ED24 /* DPRTransactionsVC.m in Sources */,
				6379F58E1D1B9CA40094ED24 /* DPRVenmoHelper.m in Sources */,
				6379F5CC1D1CA23E0094ED24 /* DPRProfileView.m in Sources */,
				6379F59A1D1BA4450094ED24 /* DPRTabBarController.m in Sources */,
				63782FBA1D231BD9003410D3 /* DPRUser.m in Sources */,
				6379F5CF1D1CA2490094ED24 /* DPRBalanceView.m in Sources */,
				63782FBD1D231D00003410D3 /* DPRImageTansformer.m in Sources */,
				6324666D1D1CA5FD00512931 /* DPRUIHelper.m in Sources */,
				6379F5D21D1CA2550094ED24 /* DPRTransactionsView.m in Sources */,
				63782FB81D231BD9003410D3 /* DPRTransaction.m in Sources */,
				6379F5601D1B9B9A0094ED24 /* Lily.xcdatamodeld in Sources */,
				6379F5D51D1CA2600094ED24 /* DPRCashFlowView.m in Sources */,
			);
			runOnlyForDeploymentPostprocessing = 0;
		};
		6379F5671D1B9B9A0094ED24 /* Sources */ = {
			isa = PBXSourcesBuildPhase;
			buildActionMask = 2147483647;
			files = (
				6379F5701D1B9B9A0094ED24 /* LilyTests.m in Sources */,
			);
			runOnlyForDeploymentPostprocessing = 0;
		};
		6379F5721D1B9B9A0094ED24 /* Sources */ = {
			isa = PBXSourcesBuildPhase;
			buildActionMask = 2147483647;
			files = (
				6379F57B1D1B9B9A0094ED24 /* LilyUITests.m in Sources */,
			);
			runOnlyForDeploymentPostprocessing = 0;
		};
/* End PBXSourcesBuildPhase section */

/* Begin PBXTargetDependency section */
		6379F56D1D1B9B9A0094ED24 /* PBXTargetDependency */ = {
			isa = PBXTargetDependency;
			target = 6379F54E1D1B9B9A0094ED24 /* Lily */;
			targetProxy = 6379F56C1D1B9B9A0094ED24 /* PBXContainerItemProxy */;
		};
		6379F5781D1B9B9A0094ED24 /* PBXTargetDependency */ = {
			isa = PBXTargetDependency;
			target = 6379F54E1D1B9B9A0094ED24 /* Lily */;
			targetProxy = 6379F5771D1B9B9A0094ED24 /* PBXContainerItemProxy */;
		};
/* End PBXTargetDependency section */

/* Begin PBXVariantGroup section */
		6379F55B1D1B9B9A0094ED24 /* Main.storyboard */ = {
			isa = PBXVariantGroup;
			children = (
				6379F55C1D1B9B9A0094ED24 /* Base */,
			);
			name = Main.storyboard;
			sourceTree = "<group>";
		};
		6379F5631D1B9B9A0094ED24 /* LaunchScreen.storyboard */ = {
			isa = PBXVariantGroup;
			children = (
				6379F5641D1B9B9A0094ED24 /* Base */,
			);
			name = LaunchScreen.storyboard;
			sourceTree = "<group>";
		};
/* End PBXVariantGroup section */

/* Begin XCBuildConfiguration section */
		6379F57D1D1B9B9A0094ED24 /* Debug */ = {
			isa = XCBuildConfiguration;
			buildSettings = {
				ALWAYS_SEARCH_USER_PATHS = NO;
				CLANG_ANALYZER_NONNULL = YES;
				CLANG_CXX_LANGUAGE_STANDARD = "gnu++0x";
				CLANG_CXX_LIBRARY = "libc++";
				CLANG_ENABLE_MODULES = YES;
				CLANG_ENABLE_OBJC_ARC = YES;
				CLANG_WARN_BOOL_CONVERSION = YES;
				CLANG_WARN_CONSTANT_CONVERSION = YES;
				CLANG_WARN_DIRECT_OBJC_ISA_USAGE = YES_ERROR;
				CLANG_WARN_EMPTY_BODY = YES;
				CLANG_WARN_ENUM_CONVERSION = YES;
				CLANG_WARN_INT_CONVERSION = YES;
				CLANG_WARN_OBJC_ROOT_CLASS = YES_ERROR;
				CLANG_WARN_UNREACHABLE_CODE = YES;
				CLANG_WARN__DUPLICATE_METHOD_MATCH = YES;
				"CODE_SIGN_IDENTITY[sdk=iphoneos*]" = "iPhone Developer";
				COPY_PHASE_STRIP = NO;
				DEBUG_INFORMATION_FORMAT = dwarf;
				ENABLE_STRICT_OBJC_MSGSEND = YES;
				ENABLE_TESTABILITY = YES;
				GCC_C_LANGUAGE_STANDARD = gnu99;
				GCC_DYNAMIC_NO_PIC = NO;
				GCC_NO_COMMON_BLOCKS = YES;
				GCC_OPTIMIZATION_LEVEL = 0;
				GCC_PREPROCESSOR_DEFINITIONS = (
					"DEBUG=1",
					"$(inherited)",
				);
				GCC_WARN_64_TO_32_BIT_CONVERSION = YES;
				GCC_WARN_ABOUT_RETURN_TYPE = YES_ERROR;
				GCC_WARN_UNDECLARED_SELECTOR = YES;
				GCC_WARN_UNINITIALIZED_AUTOS = YES_AGGRESSIVE;
				GCC_WARN_UNUSED_FUNCTION = YES;
				GCC_WARN_UNUSED_VARIABLE = YES;
				IPHONEOS_DEPLOYMENT_TARGET = 9.3;
				MTL_ENABLE_DEBUG_INFO = YES;
				ONLY_ACTIVE_ARCH = YES;
				SDKROOT = iphoneos;
			};
			name = Debug;
		};
		6379F57E1D1B9B9A0094ED24 /* Release */ = {
			isa = XCBuildConfiguration;
			buildSettings = {
				ALWAYS_SEARCH_USER_PATHS = NO;
				CLANG_ANALYZER_NONNULL = YES;
				CLANG_CXX_LANGUAGE_STANDARD = "gnu++0x";
				CLANG_CXX_LIBRARY = "libc++";
				CLANG_ENABLE_MODULES = YES;
				CLANG_ENABLE_OBJC_ARC = YES;
				CLANG_WARN_BOOL_CONVERSION = YES;
				CLANG_WARN_CONSTANT_CONVERSION = YES;
				CLANG_WARN_DIRECT_OBJC_ISA_USAGE = YES_ERROR;
				CLANG_WARN_EMPTY_BODY = YES;
				CLANG_WARN_ENUM_CONVERSION = YES;
				CLANG_WARN_INT_CONVERSION = YES;
				CLANG_WARN_OBJC_ROOT_CLASS = YES_ERROR;
				CLANG_WARN_UNREACHABLE_CODE = YES;
				CLANG_WARN__DUPLICATE_METHOD_MATCH = YES;
				"CODE_SIGN_IDENTITY[sdk=iphoneos*]" = "iPhone Developer";
				COPY_PHASE_STRIP = NO;
				DEBUG_INFORMATION_FORMAT = "dwarf-with-dsym";
				ENABLE_NS_ASSERTIONS = NO;
				ENABLE_STRICT_OBJC_MSGSEND = YES;
				GCC_C_LANGUAGE_STANDARD = gnu99;
				GCC_NO_COMMON_BLOCKS = YES;
				GCC_WARN_64_TO_32_BIT_CONVERSION = YES;
				GCC_WARN_ABOUT_RETURN_TYPE = YES_ERROR;
				GCC_WARN_UNDECLARED_SELECTOR = YES;
				GCC_WARN_UNINITIALIZED_AUTOS = YES_AGGRESSIVE;
				GCC_WARN_UNUSED_FUNCTION = YES;
				GCC_WARN_UNUSED_VARIABLE = YES;
				IPHONEOS_DEPLOYMENT_TARGET = 9.3;
				MTL_ENABLE_DEBUG_INFO = NO;
				SDKROOT = iphoneos;
				VALIDATE_PRODUCT = YES;
			};
			name = Release;
		};
		6379F5801D1B9B9A0094ED24 /* Debug */ = {
			isa = XCBuildConfiguration;
			baseConfigurationReference = 2EFB452003D621F7CCF38BB5 /* Pods.debug.xcconfig */;
			buildSettings = {
				ASSETCATALOG_COMPILER_APPICON_NAME = AppIcon;
				INFOPLIST_FILE = Lily/Info.plist;
				LD_RUNPATH_SEARCH_PATHS = "$(inherited) @executable_path/Frameworks";
				PRODUCT_BUNDLE_IDENTIFIER = edu.usc.Lily;
				PRODUCT_NAME = "$(TARGET_NAME)";
			};
			name = Debug;
		};
		6379F5811D1B9B9A0094ED24 /* Release */ = {
			isa = XCBuildConfiguration;
			baseConfigurationReference = 95A1E323D74501F6C791D91E /* Pods.release.xcconfig */;
			buildSettings = {
				ASSETCATALOG_COMPILER_APPICON_NAME = AppIcon;
				INFOPLIST_FILE = Lily/Info.plist;
				LD_RUNPATH_SEARCH_PATHS = "$(inherited) @executable_path/Frameworks";
				PRODUCT_BUNDLE_IDENTIFIER = edu.usc.Lily;
				PRODUCT_NAME = "$(TARGET_NAME)";
			};
			name = Release;
		};
		6379F5831D1B9B9A0094ED24 /* Debug */ = {
			isa = XCBuildConfiguration;
			buildSettings = {
				BUNDLE_LOADER = "$(TEST_HOST)";
				INFOPLIST_FILE = LilyTests/Info.plist;
				LD_RUNPATH_SEARCH_PATHS = "$(inherited) @executable_path/Frameworks @loader_path/Frameworks";
				PRODUCT_BUNDLE_IDENTIFIER = edu.usc.LilyTests;
				PRODUCT_NAME = "$(TARGET_NAME)";
				TEST_HOST = "$(BUILT_PRODUCTS_DIR)/Lily.app/Lily";
			};
			name = Debug;
		};
		6379F5841D1B9B9A0094ED24 /* Release */ = {
			isa = XCBuildConfiguration;
			buildSettings = {
				BUNDLE_LOADER = "$(TEST_HOST)";
				INFOPLIST_FILE = LilyTests/Info.plist;
				LD_RUNPATH_SEARCH_PATHS = "$(inherited) @executable_path/Frameworks @loader_path/Frameworks";
				PRODUCT_BUNDLE_IDENTIFIER = edu.usc.LilyTests;
				PRODUCT_NAME = "$(TARGET_NAME)";
				TEST_HOST = "$(BUILT_PRODUCTS_DIR)/Lily.app/Lily";
			};
			name = Release;
		};
		6379F5861D1B9B9A0094ED24 /* Debug */ = {
			isa = XCBuildConfiguration;
			buildSettings = {
				INFOPLIST_FILE = LilyUITests/Info.plist;
				LD_RUNPATH_SEARCH_PATHS = "$(inherited) @executable_path/Frameworks @loader_path/Frameworks";
				PRODUCT_BUNDLE_IDENTIFIER = edu.usc.LilyUITests;
				PRODUCT_NAME = "$(TARGET_NAME)";
				TEST_TARGET_NAME = Lily;
			};
			name = Debug;
		};
		6379F5871D1B9B9A0094ED24 /* Release */ = {
			isa = XCBuildConfiguration;
			buildSettings = {
				INFOPLIST_FILE = LilyUITests/Info.plist;
				LD_RUNPATH_SEARCH_PATHS = "$(inherited) @executable_path/Frameworks @loader_path/Frameworks";
				PRODUCT_BUNDLE_IDENTIFIER = edu.usc.LilyUITests;
				PRODUCT_NAME = "$(TARGET_NAME)";
				TEST_TARGET_NAME = Lily;
			};
			name = Release;
		};
/* End XCBuildConfiguration section */

/* Begin XCConfigurationList section */
		6379F54A1D1B9B9A0094ED24 /* Build configuration list for PBXProject "Lily" */ = {
			isa = XCConfigurationList;
			buildConfigurations = (
				6379F57D1D1B9B9A0094ED24 /* Debug */,
				6379F57E1D1B9B9A0094ED24 /* Release */,
			);
			defaultConfigurationIsVisible = 0;
			defaultConfigurationName = Release;
		};
		6379F57F1D1B9B9A0094ED24 /* Build configuration list for PBXNativeTarget "Lily" */ = {
			isa = XCConfigurationList;
			buildConfigurations = (
				6379F5801D1B9B9A0094ED24 /* Debug */,
				6379F5811D1B9B9A0094ED24 /* Release */,
			);
			defaultConfigurationIsVisible = 0;
			defaultConfigurationName = Release;
		};
		6379F5821D1B9B9A0094ED24 /* Build configuration list for PBXNativeTarget "LilyTests" */ = {
			isa = XCConfigurationList;
			buildConfigurations = (
				6379F5831D1B9B9A0094ED24 /* Debug */,
				6379F5841D1B9B9A0094ED24 /* Release */,
			);
			defaultConfigurationIsVisible = 0;
			defaultConfigurationName = Release;
		};
		6379F5851D1B9B9A0094ED24 /* Build configuration list for PBXNativeTarget "LilyUITests" */ = {
			isa = XCConfigurationList;
			buildConfigurations = (
				6379F5861D1B9B9A0094ED24 /* Debug */,
				6379F5871D1B9B9A0094ED24 /* Release */,
			);
			defaultConfigurationIsVisible = 0;
			defaultConfigurationName = Release;
		};
/* End XCConfigurationList section */

/* Begin XCVersionGroup section */
		6379F55E1D1B9B9A0094ED24 /* Lily.xcdatamodeld */ = {
			isa = XCVersionGroup;
			children = (
				6379F55F1D1B9B9A0094ED24 /* Lily.xcdatamodel */,
			);
			currentVersion = 6379F55F1D1B9B9A0094ED24 /* Lily.xcdatamodel */;
			path = Lily.xcdatamodeld;
			sourceTree = "<group>";
			versionGroupType = wrapper.xcdatamodel;
		};
/* End XCVersionGroup section */
	};
	rootObject = 6379F5471D1B9B9A0094ED24 /* Project object */;
}
